# This file is automatically @generated by Poetry and should not be changed by hand.

[[package]]
name = "altgraph"
version = "0.17.3"
description = "Python graph (network) package"
category = "dev"
optional = false
python-versions = "*"
files = [
    {file = "altgraph-0.17.3-py2.py3-none-any.whl", hash = "sha256:c8ac1ca6772207179ed8003ce7687757c04b0b71536f81e2ac5755c6226458fe"},
    {file = "altgraph-0.17.3.tar.gz", hash = "sha256:ad33358114df7c9416cdb8fa1eaa5852166c505118717021c6a8c7c7abbd03dd"},
]

[[package]]
name = "attrs"
version = "22.2.0"
description = "Classes Without Boilerplate"
category = "dev"
optional = false
python-versions = ">=3.6"
files = [
    {file = "attrs-22.2.0-py3-none-any.whl", hash = "sha256:29e95c7f6778868dbd49170f98f8818f78f3dc5e0e37c0b1f474e3561b240836"},
    {file = "attrs-22.2.0.tar.gz", hash = "sha256:c9227bfc2f01993c03f68db37d1d15c9690188323c067c641f1a35ca58185f99"},
]

[package.extras]
cov = ["attrs[tests]", "coverage-enable-subprocess", "coverage[toml] (>=5.3)"]
dev = ["attrs[docs,tests]"]
docs = ["furo", "myst-parser", "sphinx", "sphinx-notfound-page", "sphinxcontrib-towncrier", "towncrier", "zope.interface"]
tests = ["attrs[tests-no-zope]", "zope.interface"]
tests-no-zope = ["cloudpickle", "cloudpickle", "hypothesis", "hypothesis", "mypy (>=0.971,<0.990)", "mypy (>=0.971,<0.990)", "pympler", "pympler", "pytest (>=4.3.0)", "pytest (>=4.3.0)", "pytest-mypy-plugins", "pytest-mypy-plugins", "pytest-xdist[psutil]", "pytest-xdist[psutil]"]

[[package]]
name = "bitarray"
version = "2.7.1"
description = "efficient arrays of booleans -- C extension"
category = "main"
optional = false
python-versions = "*"
files = [
    {file = "bitarray-2.7.1-cp310-cp310-macosx_10_9_universal2.whl", hash = "sha256:9f73d791f7ac00a9bb7ee5c77c338210edc29ee15e749179a117b97fba00d57e"},
    {file = "bitarray-2.7.1-cp310-cp310-macosx_10_9_x86_64.whl", hash = "sha256:afe341fa6fcac8455b50afe5402ac98741c9b514d099c82e1bc3f07cf05bde3d"},
    {file = "bitarray-2.7.1-cp310-cp310-macosx_11_0_arm64.whl", hash = "sha256:fc7b44857edba91c16a8c33690431b7958bc87d215c8f08fe675b45f20745880"},
    {file = "bitarray-2.7.1-cp310-cp310-manylinux_2_17_aarch64.manylinux2014_aarch64.whl", hash = "sha256:8a3d554540d59788fd2c25a3e23c3ac3974b8f4a4bac5f5cc46718fcffd88d2e"},
    {file = "bitarray-2.7.1-cp310-cp310-manylinux_2_17_ppc64le.manylinux2014_ppc64le.whl", hash = "sha256:506c67b70a8ceb105be0f78954ca33ee88ba357cae1f5ad31a3875132eb55465"},
    {file = "bitarray-2.7.1-cp310-cp310-manylinux_2_17_s390x.manylinux2014_s390x.whl", hash = "sha256:c3d8f351073ef6d5f0735734934886526f17ae9d36512494147a9652caac9d43"},
    {file = "bitarray-2.7.1-cp310-cp310-manylinux_2_17_x86_64.manylinux2014_x86_64.whl", hash = "sha256:2d1569e79f3520ca46dea08d0b166de07d6d0749c862a70f52b314032633dd12"},
    {file = "bitarray-2.7.1-cp310-cp310-manylinux_2_5_i686.manylinux1_i686.manylinux_2_17_i686.manylinux2014_i686.whl", hash = "sha256:a6a06f531fe29df846190e6e8eef689ef90908828ff3832b71e03d25552f2b79"},
    {file = "bitarray-2.7.1-cp310-cp310-musllinux_1_1_aarch64.whl", hash = "sha256:026d1a0cc394234adfb5d857e703ec80bd5560f4cb6c21feedabeb4547469298"},
    {file = "bitarray-2.7.1-cp310-cp310-musllinux_1_1_i686.whl", hash = "sha256:339f6dde625d3898b487754ec0f8f84083af50012d18e22c2dd40ed7d953e449"},
    {file = "bitarray-2.7.1-cp310-cp310-musllinux_1_1_ppc64le.whl", hash = "sha256:f030d163add3b7e5f03a7fc538b5593fe8ed7e3b60ae20bd27eed2df5ed2eb20"},
    {file = "bitarray-2.7.1-cp310-cp310-musllinux_1_1_s390x.whl", hash = "sha256:9c748f17e2bf69e61bfa2fb3dea69eb06af81242ea11ff7a4a486ed9e66defbe"},
    {file = "bitarray-2.7.1-cp310-cp310-musllinux_1_1_x86_64.whl", hash = "sha256:fcffaffcdd0e56a4829e48f45ec3ed5ae8dfffbec89aed26a9a041bb57576ef7"},
    {file = "bitarray-2.7.1-cp310-cp310-win32.whl", hash = "sha256:9622a383166d1551a3e4e17e67c3e5a9e1bf6c89508964ae18139d6ce7700125"},
    {file = "bitarray-2.7.1-cp310-cp310-win_amd64.whl", hash = "sha256:d72b7263b381663b1dfb09ccbc8e4db4eb45900577c2a9415ce8c48b6cee7c62"},
    {file = "bitarray-2.7.1-cp311-cp311-macosx_10_9_universal2.whl", hash = "sha256:6b24caccdd6a863ba4839fcc0fa4e85aa5851fed2d6830c79c270a9f01dd5a1f"},
    {file = "bitarray-2.7.1-cp311-cp311-macosx_10_9_x86_64.whl", hash = "sha256:7b9e24c6464143c879ed7e62785a30dfafff77d4e1ccef513cd24c18f9d44fb8"},
    {file = "bitarray-2.7.1-cp311-cp311-macosx_11_0_arm64.whl", hash = "sha256:1641db1b73960ba56c26d9cde398e7c635b41fc4c2bdf3a9b86a64efb1840bf4"},
    {file = "bitarray-2.7.1-cp311-cp311-manylinux_2_17_aarch64.manylinux2014_aarch64.whl", hash = "sha256:7a9dc0f2419095946716c6621eb160ba14c902567f26f1d3568c3ffe86f79d60"},
    {file = "bitarray-2.7.1-cp311-cp311-manylinux_2_17_ppc64le.manylinux2014_ppc64le.whl", hash = "sha256:ef13e21bc8dd3aad9222e9552ec17357475778a45a9deaeef9a7842793f90dce"},
    {file = "bitarray-2.7.1-cp311-cp311-manylinux_2_17_s390x.manylinux2014_s390x.whl", hash = "sha256:9d474fe181afe3d37c05ddc1debd3d9101ae3b156707b08037ef6decb7f43b3b"},
    {file = "bitarray-2.7.1-cp311-cp311-manylinux_2_17_x86_64.manylinux2014_x86_64.whl", hash = "sha256:8248fed764d3cfe4b86586558a2f2efd4e070eb2a228e98bee000227f60567ec"},
    {file = "bitarray-2.7.1-cp311-cp311-manylinux_2_5_i686.manylinux1_i686.manylinux_2_17_i686.manylinux2014_i686.whl", hash = "sha256:e3b1e863caa97dd41d7737d495f061941ba82a7304c2a887c0cae00adc32d414"},
    {file = "bitarray-2.7.1-cp311-cp311-musllinux_1_1_aarch64.whl", hash = "sha256:902157a6a1c979c45075f6956f188b20ea2aec9380a3ca3687188214ee441552"},
    {file = "bitarray-2.7.1-cp311-cp311-musllinux_1_1_i686.whl", hash = "sha256:c0d8e2b89263654aeb284662b3db5b32d464d6f0b9b2b32cd50dc582bc57b2d7"},
    {file = "bitarray-2.7.1-cp311-cp311-musllinux_1_1_ppc64le.whl", hash = "sha256:85632a9480efbc2c12a3679f4df7803767527be4f7e4da5aeed6000e0f4885b5"},
    {file = "bitarray-2.7.1-cp311-cp311-musllinux_1_1_s390x.whl", hash = "sha256:badd15376b7ee6235ce84870ce6941cad9bcc7ff85b3540a49f75926259b0456"},
    {file = "bitarray-2.7.1-cp311-cp311-musllinux_1_1_x86_64.whl", hash = "sha256:d19fb613f3004235e325856d010f7ed4de518896bc8f8cb4636755def30d257f"},
    {file = "bitarray-2.7.1-cp311-cp311-win32.whl", hash = "sha256:344008be9d435e303b35c5cbad19b19568cca7068c3bb37bc87702a7288a9121"},
    {file = "bitarray-2.7.1-cp311-cp311-win_amd64.whl", hash = "sha256:eff079935353aeb050e04480e1cece36888ba93663f6ce3fba7f6d21d6b8fc1c"},
    {file = "bitarray-2.7.1-cp36-cp36m-macosx_10_9_x86_64.whl", hash = "sha256:6f9b83e3d38835b2b9708529ad9d65f6969e28e2e28e6d2b845806f645e7fc3e"},
    {file = "bitarray-2.7.1-cp36-cp36m-manylinux_2_17_aarch64.manylinux2014_aarch64.whl", hash = "sha256:dbf3e6cee4e9bb8c7c62b84fa95bc18b78aa4f60734619ec2e50a3145e06b8e7"},
    {file = "bitarray-2.7.1-cp36-cp36m-manylinux_2_17_ppc64le.manylinux2014_ppc64le.whl", hash = "sha256:e36eb16a12afda4c11c438531f907b965ea6a5ce71598c52e795162ee1c4294c"},
    {file = "bitarray-2.7.1-cp36-cp36m-manylinux_2_17_s390x.manylinux2014_s390x.whl", hash = "sha256:add6e9c6078debf7ca82ddd2905ebccee029b8ab4405eb2d7573fc417757e0c6"},
    {file = "bitarray-2.7.1-cp36-cp36m-manylinux_2_17_x86_64.manylinux2014_x86_64.whl", hash = "sha256:5f6e185735b6e2e6fd0e1eac230816e0f8b3e9251e9bf511338548076b0b6caa"},
    {file = "bitarray-2.7.1-cp36-cp36m-manylinux_2_5_i686.manylinux1_i686.manylinux_2_17_i686.manylinux2014_i686.whl", hash = "sha256:b7830907fba785a7387169c6fab81a3336f83d863899527a41be968cda513dbd"},
    {file = "bitarray-2.7.1-cp36-cp36m-musllinux_1_1_aarch64.whl", hash = "sha256:6d560ed80602f23ad5eed44629452645d9611a4584804df1ac77fbc47d3ad663"},
    {file = "bitarray-2.7.1-cp36-cp36m-musllinux_1_1_i686.whl", hash = "sha256:d24a0eda3201a055c6f7ee9261cca108eb299db99e38f31592cbb4a31d6621ba"},
    {file = "bitarray-2.7.1-cp36-cp36m-musllinux_1_1_ppc64le.whl", hash = "sha256:5b4c512a5a709a7281c036244970b1b12bb8c7580b4f9b175cac344bf5af9203"},
    {file = "bitarray-2.7.1-cp36-cp36m-musllinux_1_1_s390x.whl", hash = "sha256:3702a4383556ffe41b93d9f8c3539ff1b8b971321b0ef55d9364d1ce92094a1a"},
    {file = "bitarray-2.7.1-cp36-cp36m-musllinux_1_1_x86_64.whl", hash = "sha256:e5acdaedf6a73820734ada376c1fb6dd838be4f13d1dae95e294d6e0e8c0a5a1"},
    {file = "bitarray-2.7.1-cp36-cp36m-win32.whl", hash = "sha256:60029d3bd8942d82211a937ec4dd2d32b257b9c69fbf7d5332748ffc542cf4d0"},
    {file = "bitarray-2.7.1-cp36-cp36m-win_amd64.whl", hash = "sha256:8beb9a4895eb6b94d5489461d9c44a217c2457bb768a2d634a3add93bbd27071"},
    {file = "bitarray-2.7.1-cp37-cp37m-macosx_10_9_x86_64.whl", hash = "sha256:5f9e39a7d3fc0d430b6fe7168560edcaf8439efee37c94acb760db94299d907a"},
    {file = "bitarray-2.7.1-cp37-cp37m-manylinux_2_17_aarch64.manylinux2014_aarch64.whl", hash = "sha256:a2cce040d657817eb29debc60942411b7d0023d696e99948a3b3bff842ab955d"},
    {file = "bitarray-2.7.1-cp37-cp37m-manylinux_2_17_ppc64le.manylinux2014_ppc64le.whl", hash = "sha256:e2fcea880bc2a0aa79070e8f1ebda288aaf3eccc3e3ec563cd59b39dd9a1e354"},
    {file = "bitarray-2.7.1-cp37-cp37m-manylinux_2_17_s390x.manylinux2014_s390x.whl", hash = "sha256:a3003aa3bc688f9b8444785b5b823efdcd6419cf27e4d573d13b04159727d123"},
    {file = "bitarray-2.7.1-cp37-cp37m-manylinux_2_17_x86_64.manylinux2014_x86_64.whl", hash = "sha256:0f83b6c5c45e8d36955bb47fade6af79fc30a491928ea99793c447e06c96beb1"},
    {file = "bitarray-2.7.1-cp37-cp37m-manylinux_2_5_i686.manylinux1_i686.manylinux_2_17_i686.manylinux2014_i686.whl", hash = "sha256:11e4f93c47f3c5580ebcf30e9ebaf1ccd3c359e8d4264ace4f6f8e8f8bdb10ce"},
    {file = "bitarray-2.7.1-cp37-cp37m-musllinux_1_1_aarch64.whl", hash = "sha256:897b67f629239c456e9159bc3ac440b0986a717f950456e4dea0fc18a3d49299"},
    {file = "bitarray-2.7.1-cp37-cp37m-musllinux_1_1_i686.whl", hash = "sha256:9318f9785a8182b4e3e11d1d65fc0caa4f51d5d072e74938fa893fcc581d076f"},
    {file = "bitarray-2.7.1-cp37-cp37m-musllinux_1_1_ppc64le.whl", hash = "sha256:0d5652aaf5494bc0ad3d5d2281e4ac444f14c99fcfdc8efd9be628e37d1e89fd"},
    {file = "bitarray-2.7.1-cp37-cp37m-musllinux_1_1_s390x.whl", hash = "sha256:7436a6081ffa2a8261eb962af9cc413ff91ecb3a420748e2888d9c7a57890a4a"},
    {file = "bitarray-2.7.1-cp37-cp37m-musllinux_1_1_x86_64.whl", hash = "sha256:2165a0178371b7e3f23fc888cd08a200b706328bf8ca7b8bd77c8ab39c6011a4"},
    {file = "bitarray-2.7.1-cp37-cp37m-win32.whl", hash = "sha256:55875ceca0c144c5db4012753725ec97e63d26a38a5031a32326f0795469b691"},
    {file = "bitarray-2.7.1-cp37-cp37m-win_amd64.whl", hash = "sha256:b3aab372a4a9bc7675c3a3fc49f110fc2243bc832b15d2c955fbefcd2fbb694e"},
    {file = "bitarray-2.7.1-cp38-cp38-macosx_10_9_universal2.whl", hash = "sha256:5d529a72926696ddf570dce85406d8fa9cbe05727f89e4fa400e108978fd7f49"},
    {file = "bitarray-2.7.1-cp38-cp38-macosx_10_9_x86_64.whl", hash = "sha256:8e7a9586a90bcae79c840591153d36d196ec4a88ad3f8cbc506c716d6eb553db"},
    {file = "bitarray-2.7.1-cp38-cp38-macosx_11_0_arm64.whl", hash = "sha256:c874cb9d1f50462b0b1f0c2bdf4a4b94819d6e5d6c5a7d27f5924d577770120d"},
    {file = "bitarray-2.7.1-cp38-cp38-manylinux_2_17_aarch64.manylinux2014_aarch64.whl", hash = "sha256:1063005cd994cf91ebca0ee6019cab975f40c92a9adde5c0b6f34d755779e554"},
    {file = "bitarray-2.7.1-cp38-cp38-manylinux_2_17_ppc64le.manylinux2014_ppc64le.whl", hash = "sha256:81a285a198d690863d2ed122f06159a31636fd7d46b83caf4b7a26b37d216e66"},
    {file = "bitarray-2.7.1-cp38-cp38-manylinux_2_17_s390x.manylinux2014_s390x.whl", hash = "sha256:acfd1d99e3d992e370978604e9d6fa2a0a950b62a9749064af259e124aed328c"},
    {file = "bitarray-2.7.1-cp38-cp38-manylinux_2_17_x86_64.manylinux2014_x86_64.whl", hash = "sha256:f25ca3752bfa5d7012e83bb4b845d03206ec3cbea52152f59002bda0fa2ba31c"},
    {file = "bitarray-2.7.1-cp38-cp38-manylinux_2_5_i686.manylinux1_i686.manylinux_2_17_i686.manylinux2014_i686.whl", hash = "sha256:98dec4a1372b074755b0cb8070d645391b32b70f696803cf396c7ba3babce73a"},
    {file = "bitarray-2.7.1-cp38-cp38-musllinux_1_1_aarch64.whl", hash = "sha256:c7f2c4f45ede88b4e8041d0311beefbbb2f188cff171fa8cc9650c2907777444"},
    {file = "bitarray-2.7.1-cp38-cp38-musllinux_1_1_i686.whl", hash = "sha256:b735d324c39c09a182006f71b27a653e3f5ac4bfc4e75ae8512d5f27aab12879"},
    {file = "bitarray-2.7.1-cp38-cp38-musllinux_1_1_ppc64le.whl", hash = "sha256:d17f9efb74ea5ee08165b944922c2834629cbb48e56a4054241e023bba87c7c8"},
    {file = "bitarray-2.7.1-cp38-cp38-musllinux_1_1_s390x.whl", hash = "sha256:13499b97723a6645bac4209b7958a2954dc1bb88454f4d4d1583d49fe0ee1935"},
    {file = "bitarray-2.7.1-cp38-cp38-musllinux_1_1_x86_64.whl", hash = "sha256:281490c2b6ba058b9ecca59e9970298eaa49b767d6a29d34b6f5eb43990006bd"},
    {file = "bitarray-2.7.1-cp38-cp38-win32.whl", hash = "sha256:586405322cf0d9bb16dd866267af8b00873c137c19293852452077439516d82e"},
    {file = "bitarray-2.7.1-cp38-cp38-win_amd64.whl", hash = "sha256:a206d8148466ccbe7214699d1bbbfc60f8ed1932570e6715bb67a901fc7b7d6f"},
    {file = "bitarray-2.7.1-cp39-cp39-macosx_10_9_universal2.whl", hash = "sha256:fb1ccf8b68372f83ecb44f51c594618fd32283b90c1c64975ee2e3becb90bda0"},
    {file = "bitarray-2.7.1-cp39-cp39-macosx_10_9_x86_64.whl", hash = "sha256:84e72ba6bc0d9efa1fdaaed4c901557a31544e2f24d057bfbb1eb932443a804a"},
    {file = "bitarray-2.7.1-cp39-cp39-macosx_11_0_arm64.whl", hash = "sha256:44fe2213361f3320c3e005ac61368b2f0a1c98967cb711febafca07f4e0c67cc"},
    {file = "bitarray-2.7.1-cp39-cp39-manylinux_2_17_aarch64.manylinux2014_aarch64.whl", hash = "sha256:be70d7a2dc8a9eed50834ed16d5e668a7c5bec62b87b841abe30871ee16fab96"},
    {file = "bitarray-2.7.1-cp39-cp39-manylinux_2_17_ppc64le.manylinux2014_ppc64le.whl", hash = "sha256:14f96303cc0f6c5d45b777cfbe713a023b310bd87a3890446623efd8014ba41c"},
    {file = "bitarray-2.7.1-cp39-cp39-manylinux_2_17_s390x.manylinux2014_s390x.whl", hash = "sha256:071630fcd9bc8753e19b915b338f019ef96092b148ec62a0faba84c252b1ae9f"},
    {file = "bitarray-2.7.1-cp39-cp39-manylinux_2_17_x86_64.manylinux2014_x86_64.whl", hash = "sha256:98c099c6527ef3220cdf99ed7384d41b4319a03b35a2031150613249ec9f6801"},
    {file = "bitarray-2.7.1-cp39-cp39-manylinux_2_5_i686.manylinux1_i686.manylinux_2_17_i686.manylinux2014_i686.whl", hash = "sha256:64b313fb25539d08e9454a7e5d0b290026e92f310c3b31cd70e71b73c6f6a624"},
    {file = "bitarray-2.7.1-cp39-cp39-musllinux_1_1_aarch64.whl", hash = "sha256:0fbdbd20cbeee597c8650f6439c01907f74b35acc2604af92dcbc585a2206a01"},
    {file = "bitarray-2.7.1-cp39-cp39-musllinux_1_1_i686.whl", hash = "sha256:953182c0ca8043821e63b4c71669e3f0166fbf3159e2990b8374c65a109d7a2d"},
    {file = "bitarray-2.7.1-cp39-cp39-musllinux_1_1_ppc64le.whl", hash = "sha256:0222cfd7cf8a8f116300b75981f5eafeda0f2459263d7577897b09afa2144e55"},
    {file = "bitarray-2.7.1-cp39-cp39-musllinux_1_1_s390x.whl", hash = "sha256:dda21c644357ff75f2482b85024555be437747d8b553f7e417a1e37158b73ac7"},
    {file = "bitarray-2.7.1-cp39-cp39-musllinux_1_1_x86_64.whl", hash = "sha256:43483d70b301c071950eaeb45b2816bc8798d02a5279653eae400c6745f8fd33"},
    {file = "bitarray-2.7.1-cp39-cp39-win32.whl", hash = "sha256:fe24575e13410e2eab73ccda221102a106dbdc35700db59a9aa405ade06f352c"},
    {file = "bitarray-2.7.1-cp39-cp39-win_amd64.whl", hash = "sha256:9b120d30657a4d923dfb4f81f6ce4939743bbdb06ccc37ff5274c41a58c5a0f2"},
    {file = "bitarray-2.7.1.tar.gz", hash = "sha256:8626db0a7784643986b53e4c1e0d838d21834cc8ee18f7cc19a2429b05f6377d"},
]

[[package]]
name = "black"
version = "23.1.0"
description = "The uncompromising code formatter."
category = "dev"
optional = false
python-versions = ">=3.7"
files = [
    {file = "black-23.1.0-cp310-cp310-macosx_10_16_arm64.whl", hash = "sha256:b6a92a41ee34b883b359998f0c8e6eb8e99803aa8bf3123bf2b2e6fec505a221"},
    {file = "black-23.1.0-cp310-cp310-macosx_10_16_universal2.whl", hash = "sha256:57c18c5165c1dbe291d5306e53fb3988122890e57bd9b3dcb75f967f13411a26"},
    {file = "black-23.1.0-cp310-cp310-macosx_10_16_x86_64.whl", hash = "sha256:9880d7d419bb7e709b37e28deb5e68a49227713b623c72b2b931028ea65f619b"},
    {file = "black-23.1.0-cp310-cp310-manylinux_2_17_x86_64.manylinux2014_x86_64.whl", hash = "sha256:e6663f91b6feca5d06f2ccd49a10f254f9298cc1f7f49c46e498a0771b507104"},
    {file = "black-23.1.0-cp310-cp310-win_amd64.whl", hash = "sha256:9afd3f493666a0cd8f8df9a0200c6359ac53940cbde049dcb1a7eb6ee2dd7074"},
    {file = "black-23.1.0-cp311-cp311-macosx_10_16_arm64.whl", hash = "sha256:bfffba28dc52a58f04492181392ee380e95262af14ee01d4bc7bb1b1c6ca8d27"},
    {file = "black-23.1.0-cp311-cp311-macosx_10_16_universal2.whl", hash = "sha256:c1c476bc7b7d021321e7d93dc2cbd78ce103b84d5a4cf97ed535fbc0d6660648"},
    {file = "black-23.1.0-cp311-cp311-macosx_10_16_x86_64.whl", hash = "sha256:382998821f58e5c8238d3166c492139573325287820963d2f7de4d518bd76958"},
    {file = "black-23.1.0-cp311-cp311-manylinux_2_17_x86_64.manylinux2014_x86_64.whl", hash = "sha256:2bf649fda611c8550ca9d7592b69f0637218c2369b7744694c5e4902873b2f3a"},
    {file = "black-23.1.0-cp311-cp311-win_amd64.whl", hash = "sha256:121ca7f10b4a01fd99951234abdbd97728e1240be89fde18480ffac16503d481"},
    {file = "black-23.1.0-cp37-cp37m-macosx_10_16_x86_64.whl", hash = "sha256:a8471939da5e824b891b25751955be52ee7f8a30a916d570a5ba8e0f2eb2ecad"},
    {file = "black-23.1.0-cp37-cp37m-manylinux_2_17_x86_64.manylinux2014_x86_64.whl", hash = "sha256:8178318cb74f98bc571eef19068f6ab5613b3e59d4f47771582f04e175570ed8"},
    {file = "black-23.1.0-cp37-cp37m-win_amd64.whl", hash = "sha256:a436e7881d33acaf2536c46a454bb964a50eff59b21b51c6ccf5a40601fbef24"},
    {file = "black-23.1.0-cp38-cp38-macosx_10_16_arm64.whl", hash = "sha256:a59db0a2094d2259c554676403fa2fac3473ccf1354c1c63eccf7ae65aac8ab6"},
    {file = "black-23.1.0-cp38-cp38-macosx_10_16_universal2.whl", hash = "sha256:0052dba51dec07ed029ed61b18183942043e00008ec65d5028814afaab9a22fd"},
    {file = "black-23.1.0-cp38-cp38-macosx_10_16_x86_64.whl", hash = "sha256:49f7b39e30f326a34b5c9a4213213a6b221d7ae9d58ec70df1c4a307cf2a1580"},
    {file = "black-23.1.0-cp38-cp38-manylinux_2_17_x86_64.manylinux2014_x86_64.whl", hash = "sha256:162e37d49e93bd6eb6f1afc3e17a3d23a823042530c37c3c42eeeaf026f38468"},
    {file = "black-23.1.0-cp38-cp38-win_amd64.whl", hash = "sha256:8b70eb40a78dfac24842458476135f9b99ab952dd3f2dab738c1881a9b38b753"},
    {file = "black-23.1.0-cp39-cp39-macosx_10_16_arm64.whl", hash = "sha256:a29650759a6a0944e7cca036674655c2f0f63806ddecc45ed40b7b8aa314b651"},
    {file = "black-23.1.0-cp39-cp39-macosx_10_16_universal2.whl", hash = "sha256:bb460c8561c8c1bec7824ecbc3ce085eb50005883a6203dcfb0122e95797ee06"},
    {file = "black-23.1.0-cp39-cp39-macosx_10_16_x86_64.whl", hash = "sha256:c91dfc2c2a4e50df0026f88d2215e166616e0c80e86004d0003ece0488db2739"},
    {file = "black-23.1.0-cp39-cp39-manylinux_2_17_x86_64.manylinux2014_x86_64.whl", hash = "sha256:2a951cc83ab535d248c89f300eccbd625e80ab880fbcfb5ac8afb5f01a258ac9"},
    {file = "black-23.1.0-cp39-cp39-win_amd64.whl", hash = "sha256:0680d4380db3719ebcfb2613f34e86c8e6d15ffeabcf8ec59355c5e7b85bb555"},
    {file = "black-23.1.0-py3-none-any.whl", hash = "sha256:7a0f701d314cfa0896b9001df70a530eb2472babb76086344e688829efd97d32"},
    {file = "black-23.1.0.tar.gz", hash = "sha256:b0bd97bea8903f5a2ba7219257a44e3f1f9d00073d6cc1add68f0beec69692ac"},
]

[package.dependencies]
click = ">=8.0.0"
mypy-extensions = ">=0.4.3"
packaging = ">=22.0"
pathspec = ">=0.9.0"
platformdirs = ">=2"
tomli = {version = ">=1.1.0", markers = "python_version < \"3.11\""}
typing-extensions = {version = ">=3.10.0.0", markers = "python_version < \"3.10\""}

[package.extras]
colorama = ["colorama (>=0.4.3)"]
d = ["aiohttp (>=3.7.4)"]
jupyter = ["ipython (>=7.8.0)", "tokenize-rt (>=3.2.0)"]
uvloop = ["uvloop (>=0.15.2)"]

[[package]]
name = "click"
version = "8.1.3"
description = "Composable command line interface toolkit"
category = "main"
optional = false
python-versions = ">=3.7"
files = [
    {file = "click-8.1.3-py3-none-any.whl", hash = "sha256:bb4d8133cb15a609f44e8213d9b391b0809795062913b383c62be0ee95b1db48"},
    {file = "click-8.1.3.tar.gz", hash = "sha256:7682dc8afb30297001674575ea00d1814d808d6a36af415a82bd481d37ba7b8e"},
]

[package.dependencies]
colorama = {version = "*", markers = "platform_system == \"Windows\""}

[[package]]
name = "colorama"
version = "0.4.6"
description = "Cross-platform colored terminal text."
category = "main"
optional = false
python-versions = "!=3.0.*,!=3.1.*,!=3.2.*,!=3.3.*,!=3.4.*,!=3.5.*,!=3.6.*,>=2.7"
files = [
    {file = "colorama-0.4.6-py2.py3-none-any.whl", hash = "sha256:4f1d9991f5acc0ca119f9d443620b77f9d6b33703e51011c16baf57afb285fc6"},
    {file = "colorama-0.4.6.tar.gz", hash = "sha256:08695f5cb7ed6e0531a20572697297273c47b8cae5a63ffc6d6ed5c201be6e44"},
]

[[package]]
name = "construct"
version = "2.10.68"
description = "A powerful declarative symmetric parser/builder for binary data"
category = "main"
optional = false
python-versions = ">=3.6"
files = [
    {file = "construct-2.10.68.tar.gz", hash = "sha256:7b2a3fd8e5f597a5aa1d614c3bd516fa065db01704c72a1efaaeec6ef23d8b45"},
]

[package.extras]
extras = ["arrow", "cloudpickle", "enum34", "lz4", "numpy", "ruamel.yaml"]

[[package]]
name = "construct-typing"
version = "0.5.5"
description = "Extension for the python package 'construct' that adds typing features"
category = "main"
optional = false
python-versions = ">=3.7"
files = [
    {file = "construct-typing-0.5.5.tar.gz", hash = "sha256:29d1a07df539ae096bd1388ad7f58714d229a303047425d3830b282d8b154572"},
    {file = "construct_typing-0.5.5-py3-none-any.whl", hash = "sha256:bfce2fa170373abe782c2ebaa7f52e14e8f7863a437b7ab63bf74287f922a655"},
]

[package.dependencies]
construct = "2.10.68"

[[package]]
name = "exceptiongroup"
version = "1.1.0"
description = "Backport of PEP 654 (exception groups)"
category = "dev"
optional = false
python-versions = ">=3.7"
files = [
    {file = "exceptiongroup-1.1.0-py3-none-any.whl", hash = "sha256:327cbda3da756e2de031a3107b81ab7b3770a602c4d16ca618298c526f4bec1e"},
    {file = "exceptiongroup-1.1.0.tar.gz", hash = "sha256:bcb67d800a4497e1b404c2dd44fca47d3b7a5e5433dbab67f96c1a685cdfdf23"},
]

[package.extras]
test = ["pytest (>=6)"]

[[package]]
name = "iniconfig"
version = "2.0.0"
description = "brain-dead simple config-ini parsing"
category = "dev"
optional = false
python-versions = ">=3.7"
files = [
    {file = "iniconfig-2.0.0-py3-none-any.whl", hash = "sha256:b6a85871a79d2e3b22d2d1b94ac2824226a63c6b741c88f7ae975f18b6778374"},
    {file = "iniconfig-2.0.0.tar.gz", hash = "sha256:2d91e135bf72d31a410b17c16da610a82cb55f6b0477d1a902134b24a455b8b3"},
]

[[package]]
name = "loguru"
version = "0.6.0"
description = "Python logging made (stupidly) simple"
category = "main"
optional = false
python-versions = ">=3.5"
files = [
    {file = "loguru-0.6.0-py3-none-any.whl", hash = "sha256:4e2414d534a2ab57573365b3e6d0234dfb1d84b68b7f3b948e6fb743860a77c3"},
    {file = "loguru-0.6.0.tar.gz", hash = "sha256:066bd06758d0a513e9836fd9c6b5a75bfb3fd36841f4b996bc60b547a309d41c"},
]

[package.dependencies]
colorama = {version = ">=0.3.4", markers = "sys_platform == \"win32\""}
win32-setctime = {version = ">=1.0.0", markers = "sys_platform == \"win32\""}

[package.extras]
dev = ["Sphinx (>=4.1.1)", "black (>=19.10b0)", "colorama (>=0.3.4)", "docutils (==0.16)", "flake8 (>=3.7.7)", "isort (>=5.1.1)", "pytest (>=4.6.2)", "pytest-cov (>=2.7.1)", "sphinx-autobuild (>=0.7.1)", "sphinx-rtd-theme (>=0.4.3)", "tox (>=3.9.0)"]

[[package]]
name = "macholib"
version = "1.16.2"
description = "Mach-O header analysis and editing"
category = "dev"
optional = false
python-versions = "*"
files = [
    {file = "macholib-1.16.2-py2.py3-none-any.whl", hash = "sha256:44c40f2cd7d6726af8fa6fe22549178d3a4dfecc35a9cd15ea916d9c83a688e0"},
    {file = "macholib-1.16.2.tar.gz", hash = "sha256:557bbfa1bb255c20e9abafe7ed6cd8046b48d9525db2f9b77d3122a63a2a8bf8"},
]

[package.dependencies]
altgraph = ">=0.17"

[[package]]
name = "mypy-extensions"
version = "1.0.0"
description = "Type system extensions for programs checked with the mypy type checker."
category = "dev"
optional = false
python-versions = ">=3.5"
files = [
    {file = "mypy_extensions-1.0.0-py3-none-any.whl", hash = "sha256:4392f6c0eb8a5668a69e23d168ffa70f0be9ccfd32b5cc2d26a34ae5b844552d"},
    {file = "mypy_extensions-1.0.0.tar.gz", hash = "sha256:75dbf8955dc00442a438fc4d0666508a9a97b6bd41aa2f0ffe9d2f2725af0782"},
]

[[package]]
name = "ndeflib"
version = "0.3.3"
description = "NFC Data Exchange Format decoder and encoder."
category = "main"
optional = false
python-versions = "*"
files = [
    {file = "ndeflib-0.3.3-py2.py3-none-any.whl", hash = "sha256:c634b1af2ab454754f0fdbe1debd38247ed7bdaf94587359b857726f3ee7decb"},
    {file = "ndeflib-0.3.3.tar.gz", hash = "sha256:1d56828558b9b16f2822a4051824346347b66adf5320ea86070748b6f2454a88"},
]

[[package]]
name = "packaging"
version = "23.0"
description = "Core utilities for Python packages"
category = "dev"
optional = false
python-versions = ">=3.7"
files = [
    {file = "packaging-23.0-py3-none-any.whl", hash = "sha256:714ac14496c3e68c99c29b00845f7a2b85f3bb6f1078fd9f72fd20f0570002b2"},
    {file = "packaging-23.0.tar.gz", hash = "sha256:b6ad297f8907de0fa2fe1ccbd26fdaf387f5f47c7275fedf8cce89f99446cf97"},
]

[[package]]
name = "pastel"
version = "0.2.1"
description = "Bring colors to your terminal."
category = "dev"
optional = false
python-versions = ">=2.7, !=3.0.*, !=3.1.*, !=3.2.*, !=3.3.*"
files = [
    {file = "pastel-0.2.1-py2.py3-none-any.whl", hash = "sha256:4349225fcdf6c2bb34d483e523475de5bb04a5c10ef711263452cb37d7dd4364"},
    {file = "pastel-0.2.1.tar.gz", hash = "sha256:e6581ac04e973cac858828c6202c1e1e81fee1dc7de7683f3e1ffe0bfd8a573d"},
]

[[package]]
name = "pathspec"
version = "0.11.0"
description = "Utility library for gitignore style pattern matching of file paths."
category = "dev"
optional = false
python-versions = ">=3.7"
files = [
    {file = "pathspec-0.11.0-py3-none-any.whl", hash = "sha256:3a66eb970cbac598f9e5ccb5b2cf58930cd8e3ed86d393d541eaf2d8b1705229"},
    {file = "pathspec-0.11.0.tar.gz", hash = "sha256:64d338d4e0914e91c1792321e6907b5a593f1ab1851de7fc269557a21b30ebbc"},
]

[[package]]
name = "pefile"
version = "2023.2.7"
description = "Python PE parsing module"
category = "dev"
optional = false
python-versions = ">=3.6.0"
files = [
    {file = "pefile-2023.2.7-py3-none-any.whl", hash = "sha256:da185cd2af68c08a6cd4481f7325ed600a88f6a813bad9dea07ab3ef73d8d8d6"},
    {file = "pefile-2023.2.7.tar.gz", hash = "sha256:82e6114004b3d6911c77c3953e3838654b04511b8b66e8583db70c65998017dc"},
]

[[package]]
name = "platformdirs"
version = "3.0.0"
description = "A small Python package for determining appropriate platform-specific dirs, e.g. a \"user data dir\"."
category = "dev"
optional = false
python-versions = ">=3.7"
files = [
    {file = "platformdirs-3.0.0-py3-none-any.whl", hash = "sha256:b1d5eb14f221506f50d6604a561f4c5786d9e80355219694a1b244bcd96f4567"},
    {file = "platformdirs-3.0.0.tar.gz", hash = "sha256:8a1228abb1ef82d788f74139988b137e78692984ec7b08eaa6c65f1723af28f9"},
]

[package.extras]
docs = ["furo (>=2022.12.7)", "proselint (>=0.13)", "sphinx (>=6.1.3)", "sphinx-autodoc-typehints (>=1.22,!=1.23.4)"]
test = ["appdirs (==1.4.4)", "covdefaults (>=2.2.2)", "pytest (>=7.2.1)", "pytest-cov (>=4)", "pytest-mock (>=3.10)"]

[[package]]
name = "pluggy"
version = "1.0.0"
description = "plugin and hook calling mechanisms for python"
category = "dev"
optional = false
python-versions = ">=3.6"
files = [
    {file = "pluggy-1.0.0-py2.py3-none-any.whl", hash = "sha256:74134bbf457f031a36d68416e1509f34bd5ccc019f0bcc952c7b909d06b37bd3"},
    {file = "pluggy-1.0.0.tar.gz", hash = "sha256:4224373bacce55f955a878bf9cfa763c1e360858e330072059e10bad68531159"},
]

[package.extras]
dev = ["pre-commit", "tox"]
testing = ["pytest", "pytest-benchmark"]

[[package]]
name = "poethepoet"
version = "0.18.1"
description = "A task runner that works well with poetry."
category = "dev"
optional = false
python-versions = ">=3.7"
files = [
    {file = "poethepoet-0.18.1-py3-none-any.whl", hash = "sha256:e85727bf6f4a10bf6c1a43026bdeb40df689bea3c4682d03cbe531cabc8f2ba6"},
    {file = "poethepoet-0.18.1.tar.gz", hash = "sha256:5f3566b14c2f5dccdfbc3bb26f0096006b38dc0b9c74bd4f8dd1eba7b0e29f6a"},
]

[package.dependencies]
pastel = ">=0.2.1,<0.3.0"
tomli = ">=1.2.2"

[package.extras]
poetry-plugin = ["poetry (>=1.0,<2.0)"]

[[package]]
name = "pycryptodomex"
version = "3.17"
description = "Cryptographic library for Python"
category = "main"
optional = false
python-versions = ">=2.7, !=3.0.*, !=3.1.*, !=3.2.*, !=3.3.*, !=3.4.*"
files = [
    {file = "pycryptodomex-3.17-cp27-cp27m-macosx_10_9_x86_64.whl", hash = "sha256:12056c38e49d972f9c553a3d598425f8a1c1d35b2e4330f89d5ff1ffb70de041"},
    {file = "pycryptodomex-3.17-cp27-cp27m-manylinux2010_i686.whl", hash = "sha256:ab33c2d9f275e05e235dbca1063753b5346af4a5cac34a51fa0da0d4edfb21d7"},
    {file = "pycryptodomex-3.17-cp27-cp27m-manylinux2010_x86_64.whl", hash = "sha256:caa937ff29d07a665dfcfd7a84f0d4207b2ebf483362fa9054041d67fdfacc20"},
    {file = "pycryptodomex-3.17-cp27-cp27m-manylinux2014_aarch64.whl", hash = "sha256:db23d7341e21b273d2440ec6faf6c8b1ca95c8894da612e165be0b89a8688340"},
    {file = "pycryptodomex-3.17-cp27-cp27m-musllinux_1_1_aarch64.whl", hash = "sha256:f854c8476512cebe6a8681cc4789e4fcff6019c17baa0fd72b459155dc605ab4"},
    {file = "pycryptodomex-3.17-cp27-cp27m-win32.whl", hash = "sha256:a57e3257bacd719769110f1f70dd901c5b6955e9596ad403af11a3e6e7e3311c"},
    {file = "pycryptodomex-3.17-cp27-cp27m-win_amd64.whl", hash = "sha256:d38ab9e53b1c09608ba2d9b8b888f1e75d6f66e2787e437adb1fecbffec6b112"},
    {file = "pycryptodomex-3.17-cp27-cp27mu-manylinux2010_i686.whl", hash = "sha256:3c2516b42437ae6c7a29ef3ddc73c8d4714e7b6df995b76be4695bbe4b3b5cd2"},
    {file = "pycryptodomex-3.17-cp27-cp27mu-manylinux2010_x86_64.whl", hash = "sha256:5c23482860302d0d9883404eaaa54b0615eefa5274f70529703e2c43cc571827"},
    {file = "pycryptodomex-3.17-cp27-cp27mu-manylinux2014_aarch64.whl", hash = "sha256:7a8dc3ee7a99aae202a4db52de5a08aa4d01831eb403c4d21da04ec2f79810db"},
    {file = "pycryptodomex-3.17-cp27-cp27mu-musllinux_1_1_aarch64.whl", hash = "sha256:7cc28dd33f1f3662d6da28ead4f9891035f63f49d30267d3b41194c8778997c8"},
    {file = "pycryptodomex-3.17-cp35-abi3-macosx_10_9_universal2.whl", hash = "sha256:2d4d395f109faba34067a08de36304e846c791808524614c731431ee048fe70a"},
    {file = "pycryptodomex-3.17-cp35-abi3-macosx_10_9_x86_64.whl", hash = "sha256:55eed98b4150a744920597c81b3965b632038781bab8a08a12ea1d004213c600"},
    {file = "pycryptodomex-3.17-cp35-abi3-manylinux2014_aarch64.whl", hash = "sha256:7fa0b52df90343fafe319257b31d909be1d2e8852277fb0376ba89d26d2921db"},
    {file = "pycryptodomex-3.17-cp35-abi3-manylinux_2_17_x86_64.manylinux2014_x86_64.whl", hash = "sha256:78f0ddd4adc64baa39b416f3637aaf99f45acb0bcdc16706f0cc7ebfc6f10109"},
    {file = "pycryptodomex-3.17-cp35-abi3-manylinux_2_5_i686.manylinux1_i686.manylinux_2_17_i686.manylinux2014_i686.whl", hash = "sha256:a4fa037078e92c7cc49f6789a8bac3de06856740bb2038d05f2d9a2e4b165d59"},
    {file = "pycryptodomex-3.17-cp35-abi3-musllinux_1_1_aarch64.whl", hash = "sha256:88b0d5bb87eaf2a31e8a759302b89cf30c97f2f8ca7d83b8c9208abe8acb447a"},
    {file = "pycryptodomex-3.17-cp35-abi3-musllinux_1_1_i686.whl", hash = "sha256:6feedf4b0e36b395329b4186a805f60f900129cdf0170e120ecabbfcb763995d"},
    {file = "pycryptodomex-3.17-cp35-abi3-musllinux_1_1_x86_64.whl", hash = "sha256:7a6651a07f67c28b6e978d63aa3a3fccea0feefed9a8453af3f7421a758461b7"},
    {file = "pycryptodomex-3.17-cp35-abi3-win32.whl", hash = "sha256:32e764322e902bbfac49ca1446604d2839381bbbdd5a57920c9daaf2e0b778df"},
    {file = "pycryptodomex-3.17-cp35-abi3-win_amd64.whl", hash = "sha256:4b51e826f0a04d832eda0790bbd0665d9bfe73e5a4d8ea93b6a9b38beeebe935"},
    {file = "pycryptodomex-3.17-pp27-pypy_73-macosx_10_9_x86_64.whl", hash = "sha256:d4cf0128da167562c49b0e034f09e9cedd733997354f2314837c2fa461c87bb1"},
    {file = "pycryptodomex-3.17-pp27-pypy_73-manylinux2010_x86_64.whl", hash = "sha256:c92537b596bd5bffb82f8964cabb9fef1bca8a28a9e0a69ffd3ec92a4a7ad41b"},
    {file = "pycryptodomex-3.17-pp27-pypy_73-win32.whl", hash = "sha256:599bb4ae4bbd614ca05f49bd4e672b7a250b80b13ae1238f05fd0f09d87ed80a"},
    {file = "pycryptodomex-3.17-pp38-pypy38_pp73-macosx_10_9_x86_64.whl", hash = "sha256:4c4674f4b040321055c596aac926d12f7f6859dfe98cd12f4d9453b43ab6adc8"},
    {file = "pycryptodomex-3.17-pp38-pypy38_pp73-manylinux_2_17_x86_64.manylinux2014_x86_64.whl", hash = "sha256:67a3648025e4ddb72d43addab764336ba2e670c8377dba5dd752e42285440d31"},
    {file = "pycryptodomex-3.17-pp38-pypy38_pp73-manylinux_2_5_i686.manylinux1_i686.manylinux_2_17_i686.manylinux2014_i686.whl", hash = "sha256:40e8a11f578bd0851b02719c862d55d3ee18d906c8b68a9c09f8c564d6bb5b92"},
    {file = "pycryptodomex-3.17-pp38-pypy38_pp73-win_amd64.whl", hash = "sha256:23d83b610bd97704f0cd3acc48d99b76a15c8c1540d8665c94d514a49905bad7"},
    {file = "pycryptodomex-3.17-pp39-pypy39_pp73-macosx_10_9_x86_64.whl", hash = "sha256:fd29d35ac80755e5c0a99d96b44fb9abbd7e871849581ea6a4cb826d24267537"},
    {file = "pycryptodomex-3.17-pp39-pypy39_pp73-manylinux_2_17_x86_64.manylinux2014_x86_64.whl", hash = "sha256:64b876d57cb894b31056ad8dd6a6ae1099b117ae07a3d39707221133490e5715"},
    {file = "pycryptodomex-3.17-pp39-pypy39_pp73-manylinux_2_5_i686.manylinux1_i686.manylinux_2_17_i686.manylinux2014_i686.whl", hash = "sha256:ee8bf4fdcad7d66beb744957db8717afc12d176e3fd9c5d106835133881a049b"},
    {file = "pycryptodomex-3.17-pp39-pypy39_pp73-win_amd64.whl", hash = "sha256:c84689c73358dfc23f9fdcff2cb9e7856e65e2ce3b5ed8ff630d4c9bdeb1867b"},
    {file = "pycryptodomex-3.17.tar.gz", hash = "sha256:0af93aad8d62e810247beedef0261c148790c52f3cd33643791cc6396dd217c1"},
]

[[package]]
name = "pyinstaller"
version = "4.5.1"
description = "PyInstaller bundles a Python application and all its dependencies into a single package."
category = "dev"
optional = false
python-versions = ">=3.6"
files = [
    {file = "pyinstaller-4.5.1-py3-none-macosx_10_13_universal2.whl", hash = "sha256:ecc2baadeeefd2b6fbf39d13c65d4aa603afdda1c6aaaebc4577ba72893fee9e"},
    {file = "pyinstaller-4.5.1-py3-none-manylinux2014_aarch64.whl", hash = "sha256:4d848cd782ee0893d7ad9fe2bfe535206a79f0b6760cecc5f2add831258b9322"},
    {file = "pyinstaller-4.5.1-py3-none-manylinux2014_i686.whl", hash = "sha256:8f747b190e6ad30e2d2fd5da9a64636f61aac8c038c0b7f685efa92c782ea14f"},
    {file = "pyinstaller-4.5.1-py3-none-manylinux2014_x86_64.whl", hash = "sha256:c587da8f521a7ce1b9efb4e3d0117cd63c92dc6cedff24590aeef89372f53012"},
    {file = "pyinstaller-4.5.1-py3-none-win32.whl", hash = "sha256:fed9f5e4802769a416a8f2ca171c6be961d1861cc05a0b71d20dfe05423137e9"},
    {file = "pyinstaller-4.5.1-py3-none-win_amd64.whl", hash = "sha256:aae456205c68355f9597411090576bb31b614e53976b4c102d072bbe5db8392a"},
    {file = "pyinstaller-4.5.1.tar.gz", hash = "sha256:30733baaf8971902286a0ddf77e5499ac5f7bf8e7c39163e83d4f8c696ef265e"},
]

[package.dependencies]
altgraph = "*"
macholib = {version = ">=1.8", markers = "sys_platform == \"darwin\""}
pefile = {version = ">=2017.8.1", markers = "sys_platform == \"win32\""}
pyinstaller-hooks-contrib = ">=2020.6"
pywin32-ctypes = {version = ">=0.2.0", markers = "sys_platform == \"win32\""}
setuptools = "*"

[package.extras]
encryption = ["tinyaes (>=1.0.0)"]
hook-testing = ["execnet (>=1.5.0)", "psutil", "pytest (>=2.7.3)"]

[[package]]
name = "pyinstaller-hooks-contrib"
version = "2022.15"
description = "Community maintained hooks for PyInstaller"
category = "dev"
optional = false
python-versions = ">=3.7"
files = [
    {file = "pyinstaller-hooks-contrib-2022.15.tar.gz", hash = "sha256:73fd4051dc1620f3ae9643291cd9e2f47bfed582ade2eb05e3247ecab4a4f5f3"},
    {file = "pyinstaller_hooks_contrib-2022.15-py2.py3-none-any.whl", hash = "sha256:55c1def8066d0279d06cd67eea30c12ffcdb961a5edeeaf361adac0164baef30"},
]

[[package]]
name = "pyscard"
version = "2.0.5"
description = "Smartcard module for Python."
category = "main"
optional = false
python-versions = "*"
files = [
    {file = "pyscard-2.0.5-cp310-cp310-macosx_11_0_x86_64.whl", hash = "sha256:b6d6d090a36398a82afe6d6687e9d6f8039ffd610d3cccd206bff9efc225b379"},
    {file = "pyscard-2.0.5-cp310-cp310-win_amd64.whl", hash = "sha256:8444ed7332f34f40a0f41216b67a67320c4f0f7d6cef1d991138c19c86458642"},
    {file = "pyscard-2.0.5-cp37-cp37m-win_amd64.whl", hash = "sha256:9601a9aff3f3e4838b3d221214814bb039a5044bcd98a2cfd35d07de7859ed76"},
    {file = "pyscard-2.0.5-cp38-cp38-win_amd64.whl", hash = "sha256:eadc468e29159996aace7c1b3e5911fd1984e897d7eb2192ecf7aaeac808c575"},
    {file = "pyscard-2.0.5-cp39-cp39-win_amd64.whl", hash = "sha256:99035043042be9017912d91bf922250269e156531c489f59a28413d33ee9ea68"},
    {file = "pyscard-2.0.5.tar.gz", hash = "sha256:dc13e34837addbd96c07a1a919fbc1677b2b83266f530a1f79c96930db42ccde"},
]

[package.extras]
gui = ["wxPython"]
pyro = ["Pyro"]

[[package]]
name = "pytest"
version = "7.2.1"
description = "pytest: simple powerful testing with Python"
category = "dev"
optional = false
python-versions = ">=3.7"
files = [
    {file = "pytest-7.2.1-py3-none-any.whl", hash = "sha256:c7c6ca206e93355074ae32f7403e8ea12163b1163c976fee7d4d84027c162be5"},
    {file = "pytest-7.2.1.tar.gz", hash = "sha256:d45e0952f3727241918b8fd0f376f5ff6b301cc0777c6f9a556935c92d8a7d42"},
]

[package.dependencies]
attrs = ">=19.2.0"
colorama = {version = "*", markers = "sys_platform == \"win32\""}
exceptiongroup = {version = ">=1.0.0rc8", markers = "python_version < \"3.11\""}
iniconfig = "*"
packaging = "*"
pluggy = ">=0.12,<2.0"
tomli = {version = ">=1.0.0", markers = "python_version < \"3.11\""}

[package.extras]
testing = ["argcomplete", "hypothesis (>=3.56)", "mock", "nose", "pygments (>=2.7.2)", "requests", "xmlschema"]

[[package]]
name = "pywin32-ctypes"
version = "0.2.0"
description = ""
category = "dev"
optional = false
python-versions = "*"
files = [
    {file = "pywin32-ctypes-0.2.0.tar.gz", hash = "sha256:24ffc3b341d457d48e8922352130cf2644024a4ff09762a2261fd34c36ee5942"},
    {file = "pywin32_ctypes-0.2.0-py2.py3-none-any.whl", hash = "sha256:9dc2d991b3479cc2df15930958b674a48a227d5361d413827a4cfd0b5876fc98"},
]

[[package]]
name = "setuptools"
version = "67.2.0"
description = "Easily download, build, install, upgrade, and uninstall Python packages"
category = "dev"
optional = false
python-versions = ">=3.7"
files = [
    {file = "setuptools-67.2.0-py3-none-any.whl", hash = "sha256:16ccf598aab3b506593c17378473978908a2734d7336755a8769b480906bec1c"},
    {file = "setuptools-67.2.0.tar.gz", hash = "sha256:b440ee5f7e607bb8c9de15259dba2583dd41a38879a7abc1d43a71c59524da48"},
]

[package.extras]
docs = ["furo", "jaraco.packaging (>=9)", "jaraco.tidelift (>=1.4)", "pygments-github-lexers (==0.0.5)", "rst.linker (>=1.9)", "sphinx (>=3.5)", "sphinx-favicon", "sphinx-hoverxref (<2)", "sphinx-inline-tabs", "sphinx-lint", "sphinx-notfound-page (==0.8.3)", "sphinx-reredirects", "sphinxcontrib-towncrier"]
testing = ["build[virtualenv]", "filelock (>=3.4.0)", "flake8 (<5)", "flake8-2020", "ini2toml[lite] (>=0.9)", "jaraco.envs (>=2.2)", "jaraco.path (>=3.2.0)", "pip (>=19.1)", "pip-run (>=8.8)", "pytest (>=6)", "pytest-black (>=0.3.7)", "pytest-checkdocs (>=2.4)", "pytest-cov", "pytest-enabler (>=1.3)", "pytest-flake8", "pytest-mypy (>=0.9.1)", "pytest-perf", "pytest-timeout", "pytest-xdist", "tomli-w (>=1.0.0)", "virtualenv (>=13.0.0)", "wheel"]
testing-integration = ["build[virtualenv]", "filelock (>=3.4.0)", "jaraco.envs (>=2.2)", "jaraco.path (>=3.2.0)", "pytest", "pytest-enabler", "pytest-xdist", "tomli", "virtualenv (>=13.0.0)", "wheel"]

[[package]]
name = "tomli"
version = "2.0.1"
description = "A lil' TOML parser"
category = "dev"
optional = false
python-versions = ">=3.7"
files = [
    {file = "tomli-2.0.1-py3-none-any.whl", hash = "sha256:939de3e7a6161af0c887ef91b7d41a53e7c5a1ca976325f429cb46ea9bc30ecc"},
    {file = "tomli-2.0.1.tar.gz", hash = "sha256:de526c12914f0c550d15924c62d72abc48d6fe7364aa87328337a31007fe8a4f"},
]

[[package]]
name = "typing-extensions"
version = "4.4.0"
description = "Backported and Experimental Type Hints for Python 3.7+"
category = "dev"
optional = false
python-versions = ">=3.7"
files = [
    {file = "typing_extensions-4.4.0-py3-none-any.whl", hash = "sha256:16fa4864408f655d35ec496218b85f79b3437c829e93320c7c9215ccfd92489e"},
    {file = "typing_extensions-4.4.0.tar.gz", hash = "sha256:1511434bb92bf8dd198c12b1cc812e800d4181cfcb867674e0f8279cc93087aa"},
]

[[package]]
name = "wheel"
version = "0.38.4"
description = "A built-package format for Python"
category = "dev"
optional = false
python-versions = ">=3.7"
files = [
    {file = "wheel-0.38.4-py3-none-any.whl", hash = "sha256:b60533f3f5d530e971d6737ca6d58681ee434818fab630c83a734bb10c083ce8"},
    {file = "wheel-0.38.4.tar.gz", hash = "sha256:965f5259b566725405b05e7cf774052044b1ed30119b5d586b2703aafe8719ac"},
]

[package.extras]
test = ["pytest (>=3.0.0)"]

[[package]]
name = "win32-setctime"
version = "1.1.0"
description = "A small Python utility to set file creation time on Windows"
category = "main"
optional = false
python-versions = ">=3.5"
files = [
    {file = "win32_setctime-1.1.0-py3-none-any.whl", hash = "sha256:231db239e959c2fe7eb1d7dc129f11172354f98361c4fa2d6d2d7e278baa8aad"},
    {file = "win32_setctime-1.1.0.tar.gz", hash = "sha256:15cf5750465118d6929ae4de4eb46e8edae9a5634350c01ba582df868e932cb2"},
]

[package.extras]
dev = ["black (>=19.3b0)", "pytest (>=4.6.2)"]

[metadata]
lock-version = "2.0"
python-versions = "^3.8"
content-hash = "a8a57099ca64eed096326370d14129632913774c1f523e86f7e94c08cd9590d2"
