# This file is automatically @generated by Poetry and should not be changed by hand.

[[package]]
name = "altgraph"
version = "0.17.3"
description = "Python graph (network) package"
category = "dev"
optional = false
python-versions = "*"
files = [
    {file = "altgraph-0.17.3-py2.py3-none-any.whl", hash = "sha256:c8ac1ca6772207179ed8003ce7687757c04b0b71536f81e2ac5755c6226458fe"},
    {file = "altgraph-0.17.3.tar.gz", hash = "sha256:ad33358114df7c9416cdb8fa1eaa5852166c505118717021c6a8c7c7abbd03dd"},
]

[[package]]
name = "attrs"
version = "22.2.0"
description = "Classes Without Boilerplate"
category = "dev"
optional = false
python-versions = ">=3.6"
files = [
    {file = "attrs-22.2.0-py3-none-any.whl", hash = "sha256:29e95c7f6778868dbd49170f98f8818f78f3dc5e0e37c0b1f474e3561b240836"},
    {file = "attrs-22.2.0.tar.gz", hash = "sha256:c9227bfc2f01993c03f68db37d1d15c9690188323c067c641f1a35ca58185f99"},
]

[package.extras]
cov = ["attrs[tests]", "coverage-enable-subprocess", "coverage[toml] (>=5.3)"]
dev = ["attrs[docs,tests]"]
docs = ["furo", "myst-parser", "sphinx", "sphinx-notfound-page", "sphinxcontrib-towncrier", "towncrier", "zope.interface"]
tests = ["attrs[tests-no-zope]", "zope.interface"]
tests-no-zope = ["cloudpickle", "cloudpickle", "hypothesis", "hypothesis", "mypy (>=0.971,<0.990)", "mypy (>=0.971,<0.990)", "pympler", "pympler", "pytest (>=4.3.0)", "pytest (>=4.3.0)", "pytest-mypy-plugins", "pytest-mypy-plugins", "pytest-xdist[psutil]", "pytest-xdist[psutil]"]

[[package]]
name = "bitarray"
version = "2.7.2"
description = "efficient arrays of booleans -- C extension"
category = "main"
optional = false
python-versions = "*"
files = [
    {file = "bitarray-2.7.2-cp310-cp310-macosx_10_9_universal2.whl", hash = "sha256:823346ea803da6cfd4d67ffd04cc158ba1f016123c3e1fbdef893c6f13d5eddc"},
    {file = "bitarray-2.7.2-cp310-cp310-macosx_10_9_x86_64.whl", hash = "sha256:79450ed20fb7f10e9fc5f1ebe5900748159afd5017275ece8c2be52b3b1c57bc"},
    {file = "bitarray-2.7.2-cp310-cp310-macosx_11_0_arm64.whl", hash = "sha256:f3d2f0e7ac483b170e755d0776513127b0d68c36470f9d80cb8d5cdfcc8bcdbb"},
    {file = "bitarray-2.7.2-cp310-cp310-manylinux_2_17_aarch64.manylinux2014_aarch64.whl", hash = "sha256:714cdab2cfae514052791860946af0d5aaeb34b13065a0536b6701e6f1f21807"},
    {file = "bitarray-2.7.2-cp310-cp310-manylinux_2_17_ppc64le.manylinux2014_ppc64le.whl", hash = "sha256:934ed03695448e1676d4fca19e4c2508ced38ac32142a76c459125e335443ae3"},
    {file = "bitarray-2.7.2-cp310-cp310-manylinux_2_17_s390x.manylinux2014_s390x.whl", hash = "sha256:46de0402d5de5d65548827708726590d5f67884d78f04fc90e2b380ed96198d8"},
    {file = "bitarray-2.7.2-cp310-cp310-manylinux_2_17_x86_64.manylinux2014_x86_64.whl", hash = "sha256:7021bf935c9dfe9a6d98aba2e60dd52e3611fba520c2ae76394c50c5b6dc1f46"},
    {file = "bitarray-2.7.2-cp310-cp310-manylinux_2_5_i686.manylinux1_i686.manylinux_2_17_i686.manylinux2014_i686.whl", hash = "sha256:b2a9f2104123e3124708c9f99daf59e2d71ca46c97ea9740554f2d3e96a059a7"},
    {file = "bitarray-2.7.2-cp310-cp310-musllinux_1_1_aarch64.whl", hash = "sha256:56ad19e34dcbbd6a80cbf45a31c202395def67579748813a6943f31507dd59be"},
    {file = "bitarray-2.7.2-cp310-cp310-musllinux_1_1_i686.whl", hash = "sha256:f18f29265a41f8c420e82530c0fda6cbac30032d2e2d1a36862f99fd400ce1c2"},
    {file = "bitarray-2.7.2-cp310-cp310-musllinux_1_1_ppc64le.whl", hash = "sha256:ade050784d9e6a4a6a05601eaef01147943ef0a47599abd9af26ee99f9757aaa"},
    {file = "bitarray-2.7.2-cp310-cp310-musllinux_1_1_s390x.whl", hash = "sha256:788538fd23db859472baf15e547112fb91dad987fb183d701192ee5d74b221dd"},
    {file = "bitarray-2.7.2-cp310-cp310-musllinux_1_1_x86_64.whl", hash = "sha256:499ca055ba6b61a1e6a961af9929dd67e3de0cfce362a4d57edd2da7668f7296"},
    {file = "bitarray-2.7.2-cp310-cp310-win32.whl", hash = "sha256:998366fe820153ab3b5392b7f8f8885a6f621978f780d6c2eb9cfd57ae32ce3d"},
    {file = "bitarray-2.7.2-cp310-cp310-win_amd64.whl", hash = "sha256:cd66dc118fd97214ac5f5a8ad89721ec7b598a64acb3f1c489bd76719c91bbdf"},
    {file = "bitarray-2.7.2-cp311-cp311-macosx_10_9_universal2.whl", hash = "sha256:4daaf03c5f00c56d57d6c1df6fe3dcf5737691c8273ebd6c29e0067d26566a1c"},
    {file = "bitarray-2.7.2-cp311-cp311-macosx_10_9_x86_64.whl", hash = "sha256:f081ea4f9e15df0abdaebad8c80e650bf531e380fa631711243077b86b82dd8f"},
    {file = "bitarray-2.7.2-cp311-cp311-macosx_11_0_arm64.whl", hash = "sha256:29a9c8d8a423d7a72e4530ce8870bd9056a6ce4f07906895b395fcdb44fef377"},
    {file = "bitarray-2.7.2-cp311-cp311-manylinux_2_17_aarch64.manylinux2014_aarch64.whl", hash = "sha256:bbc4b4a2fc44f5c6d75546c96df4f89b5870ac6bc4e51b76d0dcb0d7f9e6ccb4"},
    {file = "bitarray-2.7.2-cp311-cp311-manylinux_2_17_ppc64le.manylinux2014_ppc64le.whl", hash = "sha256:1ab8e53945b7bbc287265cfb62d60f3525a1555189deab87c2ad4fda79cee3ac"},
    {file = "bitarray-2.7.2-cp311-cp311-manylinux_2_17_s390x.manylinux2014_s390x.whl", hash = "sha256:34c179e7845687125a582c1e46d92bff1eee2b2ee18190329699387324fb9dad"},
    {file = "bitarray-2.7.2-cp311-cp311-manylinux_2_17_x86_64.manylinux2014_x86_64.whl", hash = "sha256:a0061d7061ce1b3dccc5abced2bfb45298ef442d9e2b7993eef77cbc8b35afb1"},
    {file = "bitarray-2.7.2-cp311-cp311-manylinux_2_5_i686.manylinux1_i686.manylinux_2_17_i686.manylinux2014_i686.whl", hash = "sha256:2a550c9e7ca35bebddc3585e844b0d973ee35b402dca5287e7837a105045f707"},
    {file = "bitarray-2.7.2-cp311-cp311-musllinux_1_1_aarch64.whl", hash = "sha256:b53c34c913193e6f57bce9947170a81f58dd5bf07ea3b69fccade108ea590205"},
    {file = "bitarray-2.7.2-cp311-cp311-musllinux_1_1_i686.whl", hash = "sha256:5614eb025f246392c28b32bc60b62d1e3c2794e3dc03a06605fc33cff6192746"},
    {file = "bitarray-2.7.2-cp311-cp311-musllinux_1_1_ppc64le.whl", hash = "sha256:ad2d9cca627ca1033a97ab26bd9039f6f89c45c9490dc99bce4172553caa6b6f"},
    {file = "bitarray-2.7.2-cp311-cp311-musllinux_1_1_s390x.whl", hash = "sha256:2493ef17136c779b2842d3eeaff64133b8c28cf58c196e90af8d26ebaa06d7b6"},
    {file = "bitarray-2.7.2-cp311-cp311-musllinux_1_1_x86_64.whl", hash = "sha256:35df09a127333f7bdd5aa362c33ed1676545b78bf270b9258c6fdb2f994c3e6e"},
    {file = "bitarray-2.7.2-cp311-cp311-win32.whl", hash = "sha256:2f65ad161a49e2ebb6249c11f60a62717c26261efeba0d4f78565853c159c9f3"},
    {file = "bitarray-2.7.2-cp311-cp311-win_amd64.whl", hash = "sha256:9e100fc421660e06c2f4b7b534a04b7afcc3e988acf57c795fc3274611d1eae9"},
    {file = "bitarray-2.7.2-cp36-cp36m-macosx_10_9_x86_64.whl", hash = "sha256:acba84b9f53a4c363708291a7ae92bd74ac5a1bd07911e282dd8cef725e3d1ca"},
    {file = "bitarray-2.7.2-cp36-cp36m-manylinux_2_17_aarch64.manylinux2014_aarch64.whl", hash = "sha256:7d4132c5a290e9fb5b24819a55839e584433a92b7a9ae5bb8840ebbf01360dd9"},
    {file = "bitarray-2.7.2-cp36-cp36m-manylinux_2_17_ppc64le.manylinux2014_ppc64le.whl", hash = "sha256:e9e01564f13ff21fe1c0bc159b3e3c5d4de7f967b1c8bb8eb16fca1bb745950b"},
    {file = "bitarray-2.7.2-cp36-cp36m-manylinux_2_17_s390x.manylinux2014_s390x.whl", hash = "sha256:a939968a81d944b5a6fcbe1ff8fa40044c677549cae2e7e2c94bac7aec02a42d"},
    {file = "bitarray-2.7.2-cp36-cp36m-manylinux_2_17_x86_64.manylinux2014_x86_64.whl", hash = "sha256:ae8ce3e62a868435daa107121fe2e3ef54d046de68c42e77820380e82d167cbb"},
    {file = "bitarray-2.7.2-cp36-cp36m-manylinux_2_5_i686.manylinux1_i686.manylinux_2_17_i686.manylinux2014_i686.whl", hash = "sha256:3d0f62487a9e9f27fdb8a9e831d901cc28d7e99a0f1812256df688cec4b267f7"},
    {file = "bitarray-2.7.2-cp36-cp36m-musllinux_1_1_aarch64.whl", hash = "sha256:c68b0fc1983704b877cd64e26ea8623b77fc5c7a0d501d15a0ce3905936485df"},
    {file = "bitarray-2.7.2-cp36-cp36m-musllinux_1_1_i686.whl", hash = "sha256:5b1359da9071910d87ea0a0bac9eec933604238ae4cbfac9912137b00498416e"},
    {file = "bitarray-2.7.2-cp36-cp36m-musllinux_1_1_ppc64le.whl", hash = "sha256:ffb7c394e7b313bf74896d17143c287d2d055f738373409dcb28ed41d564edba"},
    {file = "bitarray-2.7.2-cp36-cp36m-musllinux_1_1_s390x.whl", hash = "sha256:7c978ac92e1ef230c6fea1175300261634def47966d2757b831300b0566fa3dc"},
    {file = "bitarray-2.7.2-cp36-cp36m-musllinux_1_1_x86_64.whl", hash = "sha256:93c6bd3658fa997b5ad84a5bfecd8b4d3a8feef9da96ddbf9d83b2cb8fc0f8aa"},
    {file = "bitarray-2.7.2-cp36-cp36m-win32.whl", hash = "sha256:ec9f24b31276e10441e2aec6a5d75cbb9670e82a1c14258cca505e8ef173e52a"},
    {file = "bitarray-2.7.2-cp36-cp36m-win_amd64.whl", hash = "sha256:0d418c0b9df98ad4b2fe8e43c47e32571061d1258da5bc1381d67a5dc48c8928"},
    {file = "bitarray-2.7.2-cp37-cp37m-macosx_10_9_x86_64.whl", hash = "sha256:3e973115d49fe996bbb1c1c3c9ef3bcb574fed143c28b710be694ea86c3fbe60"},
    {file = "bitarray-2.7.2-cp37-cp37m-manylinux_2_17_aarch64.manylinux2014_aarch64.whl", hash = "sha256:698cbb06a243fcb01c21031860644568ae3e87d2f837a17f5565bc8b840ad886"},
    {file = "bitarray-2.7.2-cp37-cp37m-manylinux_2_17_ppc64le.manylinux2014_ppc64le.whl", hash = "sha256:a036c9cb40724f6ff81626a1159a3da9f57ee4d1b8448fc339cdca545e4f2313"},
    {file = "bitarray-2.7.2-cp37-cp37m-manylinux_2_17_s390x.manylinux2014_s390x.whl", hash = "sha256:dc9ce35a0e12ef9bd3da5985adb9d36e9fd16b2d94abfe00c117c492e427cb96"},
    {file = "bitarray-2.7.2-cp37-cp37m-manylinux_2_17_x86_64.manylinux2014_x86_64.whl", hash = "sha256:6adb9fe0c6ab4df89f4c3243aa9825add9f5e6581c879645a72eb707e7939276"},
    {file = "bitarray-2.7.2-cp37-cp37m-manylinux_2_5_i686.manylinux1_i686.manylinux_2_17_i686.manylinux2014_i686.whl", hash = "sha256:b67aac815eb0f2b076cf60a6bc0185b01f5d2fef5996765cc8397d7829ec397a"},
    {file = "bitarray-2.7.2-cp37-cp37m-musllinux_1_1_aarch64.whl", hash = "sha256:620c6d92914e19be959ee12b09d0fa7e653688565aeb4bd3ca8eef816ed6c105"},
    {file = "bitarray-2.7.2-cp37-cp37m-musllinux_1_1_i686.whl", hash = "sha256:300eeb5e15aba56e25a1aa5df127709796f0ac6674974d0e44e396cde5928f6b"},
    {file = "bitarray-2.7.2-cp37-cp37m-musllinux_1_1_ppc64le.whl", hash = "sha256:295681a8b9a32bc12c08919e5c0fa80b69745771ae6f9eed3c1964f3d2c127a5"},
    {file = "bitarray-2.7.2-cp37-cp37m-musllinux_1_1_s390x.whl", hash = "sha256:deba5826868c8694538b469f605860ce1fec16e81cd36b0a081b69b79b899cae"},
    {file = "bitarray-2.7.2-cp37-cp37m-musllinux_1_1_x86_64.whl", hash = "sha256:7368296a74a74c4b563ceca03d5ee86e25ab987f43cb833d0abffb183134e641"},
    {file = "bitarray-2.7.2-cp37-cp37m-win32.whl", hash = "sha256:e3cb66abca1db3a3a97c67557c247e7f2ff5962d595262cb5c0dc9fdeb4b6ceb"},
    {file = "bitarray-2.7.2-cp37-cp37m-win_amd64.whl", hash = "sha256:add21aa6db4bfb43e4c038846332f183add249938acf14b19c9d28363921e79b"},
    {file = "bitarray-2.7.2-cp38-cp38-macosx_10_9_universal2.whl", hash = "sha256:668d3bfad265598c14428ae767509dcbf5f5e37fd759851b311ad26fa9de95d2"},
    {file = "bitarray-2.7.2-cp38-cp38-macosx_10_9_x86_64.whl", hash = "sha256:169f8739bec3021f590979e02a19f85ea6ab59b77bd6dd9fb0071dde144ac1b6"},
    {file = "bitarray-2.7.2-cp38-cp38-macosx_11_0_arm64.whl", hash = "sha256:41318ef42fb2178551f1e323d6356872051cda420155df2ef646190b8736364c"},
    {file = "bitarray-2.7.2-cp38-cp38-manylinux_2_17_aarch64.manylinux2014_aarch64.whl", hash = "sha256:2d95e74e815a38a1ce8a4b4c23516cc60d40d30ec75550fb22ea37d23cf6439b"},
    {file = "bitarray-2.7.2-cp38-cp38-manylinux_2_17_ppc64le.manylinux2014_ppc64le.whl", hash = "sha256:15f420819542e061a5c3801287ab582d15b47a4cdd984c58f160d48755c86997"},
    {file = "bitarray-2.7.2-cp38-cp38-manylinux_2_17_s390x.manylinux2014_s390x.whl", hash = "sha256:2ce7e716f116d2b857d50723166e307aae685ee7ffaef6e51c3bc9dfde099442"},
    {file = "bitarray-2.7.2-cp38-cp38-manylinux_2_17_x86_64.manylinux2014_x86_64.whl", hash = "sha256:b3c44bb59bcfa041f0b1a44d3a7e12c30d107b498d89e60c25b64e792a0fe917"},
    {file = "bitarray-2.7.2-cp38-cp38-manylinux_2_5_i686.manylinux1_i686.manylinux_2_17_i686.manylinux2014_i686.whl", hash = "sha256:34b626d4b16a946eb374f3f1c7c216d6731a95325d728aa4d6f24947a6a77e38"},
    {file = "bitarray-2.7.2-cp38-cp38-musllinux_1_1_aarch64.whl", hash = "sha256:29b3a6690aed914142f8daae4429fa41932f16d609d0b49b5bedf6781638b3a9"},
    {file = "bitarray-2.7.2-cp38-cp38-musllinux_1_1_i686.whl", hash = "sha256:e7e152dd8d805d8950ffde3f004b1fc170f48ab2fab2410ecacbf74ee471fca7"},
    {file = "bitarray-2.7.2-cp38-cp38-musllinux_1_1_ppc64le.whl", hash = "sha256:4ccd6e6d99fa9e7a78f00b6fde3db01c7963dbbfd775fba4e46a5c6a44768429"},
    {file = "bitarray-2.7.2-cp38-cp38-musllinux_1_1_s390x.whl", hash = "sha256:0d9a10645bab89dc63ff33da53be3203358c434a6c8a47ab284bd3981b34c08c"},
    {file = "bitarray-2.7.2-cp38-cp38-musllinux_1_1_x86_64.whl", hash = "sha256:4b768d6826d4b8f00f0ee0910ee1236272bc9456a5ed6575e6e235719b773ee8"},
    {file = "bitarray-2.7.2-cp38-cp38-win32.whl", hash = "sha256:8d577d9a4efbed15b732e98e7fa4d6b76f2591b4935855f52556e5dd61b4bf09"},
    {file = "bitarray-2.7.2-cp38-cp38-win_amd64.whl", hash = "sha256:c532942da8d3f5ac189084b7944ec13245eaf18361f902ae44636492d4744189"},
    {file = "bitarray-2.7.2-cp39-cp39-macosx_10_9_universal2.whl", hash = "sha256:2e41ab09b62b1d20c5b1f22ed63a69ab53cf48266ecaad7d6264064a90978754"},
    {file = "bitarray-2.7.2-cp39-cp39-macosx_10_9_x86_64.whl", hash = "sha256:d45271681c4da3b15967ef5c1f8c45c74d138cbffe4184638b4fdd1ace9ea7cf"},
    {file = "bitarray-2.7.2-cp39-cp39-macosx_11_0_arm64.whl", hash = "sha256:e1249f3fc6a8cc6c2ab366afa4d057edea73cf96d37ca28c5268a7d2b03a4d83"},
    {file = "bitarray-2.7.2-cp39-cp39-manylinux_2_17_aarch64.manylinux2014_aarch64.whl", hash = "sha256:3f416ac15e8e4c0d6dfb1d50be971f7aa605959844f2190f642a0219708426c6"},
    {file = "bitarray-2.7.2-cp39-cp39-manylinux_2_17_ppc64le.manylinux2014_ppc64le.whl", hash = "sha256:8357f74c5b0629bbcdc2e38265c7cfb00542baabbbc60a7bec217531ba780e78"},
    {file = "bitarray-2.7.2-cp39-cp39-manylinux_2_17_s390x.manylinux2014_s390x.whl", hash = "sha256:650564f4d0a77189a47bd619fcac8feaa0e79f5f7e3e19a60f55ccf1f44a2023"},
    {file = "bitarray-2.7.2-cp39-cp39-manylinux_2_17_x86_64.manylinux2014_x86_64.whl", hash = "sha256:a2dcd3e54579042764d56cdefc84d9c873be6678393a56e5adf6ec0bfbc43c0d"},
    {file = "bitarray-2.7.2-cp39-cp39-manylinux_2_5_i686.manylinux1_i686.manylinux_2_17_i686.manylinux2014_i686.whl", hash = "sha256:e918898d81803b1d3e29955e00cb640dae716080ef01d8454f3cfd9a85030819"},
    {file = "bitarray-2.7.2-cp39-cp39-musllinux_1_1_aarch64.whl", hash = "sha256:0f6e02cdabdc9de9a5722cab8cc4415dd58b0af8b4c0310f5049f6b242242f64"},
    {file = "bitarray-2.7.2-cp39-cp39-musllinux_1_1_i686.whl", hash = "sha256:3dde864b003eecf49436bef4dbebc7494c328301fb47cf92bda02ab47802c9a9"},
    {file = "bitarray-2.7.2-cp39-cp39-musllinux_1_1_ppc64le.whl", hash = "sha256:5565dd567f4552cab17b3326c5fd45b1f0176665a0ea5a1ac7fc1c84a505bd3b"},
    {file = "bitarray-2.7.2-cp39-cp39-musllinux_1_1_s390x.whl", hash = "sha256:e85e4294e9e5fd25e37973ea0d6ceca8a599be28e203e5e81449e471d42db30d"},
    {file = "bitarray-2.7.2-cp39-cp39-musllinux_1_1_x86_64.whl", hash = "sha256:d4239e4f77e0cbde4ef876fdfdfd04f84dbd1e321c1b69705a3d8f6f205fe9e4"},
    {file = "bitarray-2.7.2-cp39-cp39-win32.whl", hash = "sha256:637eada6f1ecbd1bfd4e74c84c97530a81dfa9e7b425de8a84345a20e46f459b"},
    {file = "bitarray-2.7.2-cp39-cp39-win_amd64.whl", hash = "sha256:5a67b520b51779376e15939ee95d83730404088adfb1d2ed6105a5b466e341c0"},
    {file = "bitarray-2.7.2.tar.gz", hash = "sha256:7ea42120162bc089a169c58039ce2f0198b5d9bb6cac7c076c3035176335811c"},
]

[[package]]
name = "black"
version = "23.1.0"
description = "The uncompromising code formatter."
category = "dev"
optional = false
python-versions = ">=3.7"
files = [
    {file = "black-23.1.0-cp310-cp310-macosx_10_16_arm64.whl", hash = "sha256:b6a92a41ee34b883b359998f0c8e6eb8e99803aa8bf3123bf2b2e6fec505a221"},
    {file = "black-23.1.0-cp310-cp310-macosx_10_16_universal2.whl", hash = "sha256:57c18c5165c1dbe291d5306e53fb3988122890e57bd9b3dcb75f967f13411a26"},
    {file = "black-23.1.0-cp310-cp310-macosx_10_16_x86_64.whl", hash = "sha256:9880d7d419bb7e709b37e28deb5e68a49227713b623c72b2b931028ea65f619b"},
    {file = "black-23.1.0-cp310-cp310-manylinux_2_17_x86_64.manylinux2014_x86_64.whl", hash = "sha256:e6663f91b6feca5d06f2ccd49a10f254f9298cc1f7f49c46e498a0771b507104"},
    {file = "black-23.1.0-cp310-cp310-win_amd64.whl", hash = "sha256:9afd3f493666a0cd8f8df9a0200c6359ac53940cbde049dcb1a7eb6ee2dd7074"},
    {file = "black-23.1.0-cp311-cp311-macosx_10_16_arm64.whl", hash = "sha256:bfffba28dc52a58f04492181392ee380e95262af14ee01d4bc7bb1b1c6ca8d27"},
    {file = "black-23.1.0-cp311-cp311-macosx_10_16_universal2.whl", hash = "sha256:c1c476bc7b7d021321e7d93dc2cbd78ce103b84d5a4cf97ed535fbc0d6660648"},
    {file = "black-23.1.0-cp311-cp311-macosx_10_16_x86_64.whl", hash = "sha256:382998821f58e5c8238d3166c492139573325287820963d2f7de4d518bd76958"},
    {file = "black-23.1.0-cp311-cp311-manylinux_2_17_x86_64.manylinux2014_x86_64.whl", hash = "sha256:2bf649fda611c8550ca9d7592b69f0637218c2369b7744694c5e4902873b2f3a"},
    {file = "black-23.1.0-cp311-cp311-win_amd64.whl", hash = "sha256:121ca7f10b4a01fd99951234abdbd97728e1240be89fde18480ffac16503d481"},
    {file = "black-23.1.0-cp37-cp37m-macosx_10_16_x86_64.whl", hash = "sha256:a8471939da5e824b891b25751955be52ee7f8a30a916d570a5ba8e0f2eb2ecad"},
    {file = "black-23.1.0-cp37-cp37m-manylinux_2_17_x86_64.manylinux2014_x86_64.whl", hash = "sha256:8178318cb74f98bc571eef19068f6ab5613b3e59d4f47771582f04e175570ed8"},
    {file = "black-23.1.0-cp37-cp37m-win_amd64.whl", hash = "sha256:a436e7881d33acaf2536c46a454bb964a50eff59b21b51c6ccf5a40601fbef24"},
    {file = "black-23.1.0-cp38-cp38-macosx_10_16_arm64.whl", hash = "sha256:a59db0a2094d2259c554676403fa2fac3473ccf1354c1c63eccf7ae65aac8ab6"},
    {file = "black-23.1.0-cp38-cp38-macosx_10_16_universal2.whl", hash = "sha256:0052dba51dec07ed029ed61b18183942043e00008ec65d5028814afaab9a22fd"},
    {file = "black-23.1.0-cp38-cp38-macosx_10_16_x86_64.whl", hash = "sha256:49f7b39e30f326a34b5c9a4213213a6b221d7ae9d58ec70df1c4a307cf2a1580"},
    {file = "black-23.1.0-cp38-cp38-manylinux_2_17_x86_64.manylinux2014_x86_64.whl", hash = "sha256:162e37d49e93bd6eb6f1afc3e17a3d23a823042530c37c3c42eeeaf026f38468"},
    {file = "black-23.1.0-cp38-cp38-win_amd64.whl", hash = "sha256:8b70eb40a78dfac24842458476135f9b99ab952dd3f2dab738c1881a9b38b753"},
    {file = "black-23.1.0-cp39-cp39-macosx_10_16_arm64.whl", hash = "sha256:a29650759a6a0944e7cca036674655c2f0f63806ddecc45ed40b7b8aa314b651"},
    {file = "black-23.1.0-cp39-cp39-macosx_10_16_universal2.whl", hash = "sha256:bb460c8561c8c1bec7824ecbc3ce085eb50005883a6203dcfb0122e95797ee06"},
    {file = "black-23.1.0-cp39-cp39-macosx_10_16_x86_64.whl", hash = "sha256:c91dfc2c2a4e50df0026f88d2215e166616e0c80e86004d0003ece0488db2739"},
    {file = "black-23.1.0-cp39-cp39-manylinux_2_17_x86_64.manylinux2014_x86_64.whl", hash = "sha256:2a951cc83ab535d248c89f300eccbd625e80ab880fbcfb5ac8afb5f01a258ac9"},
    {file = "black-23.1.0-cp39-cp39-win_amd64.whl", hash = "sha256:0680d4380db3719ebcfb2613f34e86c8e6d15ffeabcf8ec59355c5e7b85bb555"},
    {file = "black-23.1.0-py3-none-any.whl", hash = "sha256:7a0f701d314cfa0896b9001df70a530eb2472babb76086344e688829efd97d32"},
    {file = "black-23.1.0.tar.gz", hash = "sha256:b0bd97bea8903f5a2ba7219257a44e3f1f9d00073d6cc1add68f0beec69692ac"},
]

[package.dependencies]
click = ">=8.0.0"
mypy-extensions = ">=0.4.3"
packaging = ">=22.0"
pathspec = ">=0.9.0"
platformdirs = ">=2"
tomli = {version = ">=1.1.0", markers = "python_version < \"3.11\""}
typing-extensions = {version = ">=3.10.0.0", markers = "python_version < \"3.10\""}

[package.extras]
colorama = ["colorama (>=0.4.3)"]
d = ["aiohttp (>=3.7.4)"]
jupyter = ["ipython (>=7.8.0)", "tokenize-rt (>=3.2.0)"]
uvloop = ["uvloop (>=0.15.2)"]

[[package]]
name = "click"
version = "8.1.3"
description = "Composable command line interface toolkit"
category = "main"
optional = false
python-versions = ">=3.7"
files = [
    {file = "click-8.1.3-py3-none-any.whl", hash = "sha256:bb4d8133cb15a609f44e8213d9b391b0809795062913b383c62be0ee95b1db48"},
    {file = "click-8.1.3.tar.gz", hash = "sha256:7682dc8afb30297001674575ea00d1814d808d6a36af415a82bd481d37ba7b8e"},
]

[package.dependencies]
colorama = {version = "*", markers = "platform_system == \"Windows\""}

[[package]]
name = "colorama"
version = "0.4.6"
description = "Cross-platform colored terminal text."
category = "main"
optional = false
python-versions = "!=3.0.*,!=3.1.*,!=3.2.*,!=3.3.*,!=3.4.*,!=3.5.*,!=3.6.*,>=2.7"
files = [
    {file = "colorama-0.4.6-py2.py3-none-any.whl", hash = "sha256:4f1d9991f5acc0ca119f9d443620b77f9d6b33703e51011c16baf57afb285fc6"},
    {file = "colorama-0.4.6.tar.gz", hash = "sha256:08695f5cb7ed6e0531a20572697297273c47b8cae5a63ffc6d6ed5c201be6e44"},
]

[[package]]
name = "construct"
version = "2.10.68"
description = "A powerful declarative symmetric parser/builder for binary data"
category = "main"
optional = false
python-versions = ">=3.6"
files = [
    {file = "construct-2.10.68.tar.gz", hash = "sha256:7b2a3fd8e5f597a5aa1d614c3bd516fa065db01704c72a1efaaeec6ef23d8b45"},
]

[package.extras]
extras = ["arrow", "cloudpickle", "enum34", "lz4", "numpy", "ruamel.yaml"]

[[package]]
name = "construct-typing"
version = "0.5.5"
description = "Extension for the python package 'construct' that adds typing features"
category = "main"
optional = false
python-versions = ">=3.7"
files = [
    {file = "construct-typing-0.5.5.tar.gz", hash = "sha256:29d1a07df539ae096bd1388ad7f58714d229a303047425d3830b282d8b154572"},
    {file = "construct_typing-0.5.5-py3-none-any.whl", hash = "sha256:bfce2fa170373abe782c2ebaa7f52e14e8f7863a437b7ab63bf74287f922a655"},
]

[package.dependencies]
construct = "2.10.68"

[[package]]
name = "exceptiongroup"
version = "1.1.0"
description = "Backport of PEP 654 (exception groups)"
category = "dev"
optional = false
python-versions = ">=3.7"
files = [
    {file = "exceptiongroup-1.1.0-py3-none-any.whl", hash = "sha256:327cbda3da756e2de031a3107b81ab7b3770a602c4d16ca618298c526f4bec1e"},
    {file = "exceptiongroup-1.1.0.tar.gz", hash = "sha256:bcb67d800a4497e1b404c2dd44fca47d3b7a5e5433dbab67f96c1a685cdfdf23"},
]

[package.extras]
test = ["pytest (>=6)"]

[[package]]
name = "iniconfig"
version = "2.0.0"
description = "brain-dead simple config-ini parsing"
category = "dev"
optional = false
python-versions = ">=3.7"
files = [
    {file = "iniconfig-2.0.0-py3-none-any.whl", hash = "sha256:b6a85871a79d2e3b22d2d1b94ac2824226a63c6b741c88f7ae975f18b6778374"},
    {file = "iniconfig-2.0.0.tar.gz", hash = "sha256:2d91e135bf72d31a410b17c16da610a82cb55f6b0477d1a902134b24a455b8b3"},
]

[[package]]
name = "loguru"
version = "0.6.0"
description = "Python logging made (stupidly) simple"
category = "main"
optional = false
python-versions = ">=3.5"
files = [
    {file = "loguru-0.6.0-py3-none-any.whl", hash = "sha256:4e2414d534a2ab57573365b3e6d0234dfb1d84b68b7f3b948e6fb743860a77c3"},
    {file = "loguru-0.6.0.tar.gz", hash = "sha256:066bd06758d0a513e9836fd9c6b5a75bfb3fd36841f4b996bc60b547a309d41c"},
]

[package.dependencies]
colorama = {version = ">=0.3.4", markers = "sys_platform == \"win32\""}
win32-setctime = {version = ">=1.0.0", markers = "sys_platform == \"win32\""}

[package.extras]
dev = ["Sphinx (>=4.1.1)", "black (>=19.10b0)", "colorama (>=0.3.4)", "docutils (==0.16)", "flake8 (>=3.7.7)", "isort (>=5.1.1)", "pytest (>=4.6.2)", "pytest-cov (>=2.7.1)", "sphinx-autobuild (>=0.7.1)", "sphinx-rtd-theme (>=0.4.3)", "tox (>=3.9.0)"]

[[package]]
name = "macholib"
version = "1.16.2"
description = "Mach-O header analysis and editing"
category = "dev"
optional = false
python-versions = "*"
files = [
    {file = "macholib-1.16.2-py2.py3-none-any.whl", hash = "sha256:44c40f2cd7d6726af8fa6fe22549178d3a4dfecc35a9cd15ea916d9c83a688e0"},
    {file = "macholib-1.16.2.tar.gz", hash = "sha256:557bbfa1bb255c20e9abafe7ed6cd8046b48d9525db2f9b77d3122a63a2a8bf8"},
]

[package.dependencies]
altgraph = ">=0.17"

[[package]]
name = "mypy-extensions"
version = "1.0.0"
description = "Type system extensions for programs checked with the mypy type checker."
category = "dev"
optional = false
python-versions = ">=3.5"
files = [
    {file = "mypy_extensions-1.0.0-py3-none-any.whl", hash = "sha256:4392f6c0eb8a5668a69e23d168ffa70f0be9ccfd32b5cc2d26a34ae5b844552d"},
    {file = "mypy_extensions-1.0.0.tar.gz", hash = "sha256:75dbf8955dc00442a438fc4d0666508a9a97b6bd41aa2f0ffe9d2f2725af0782"},
]

[[package]]
name = "ndeflib"
version = "0.3.3"
description = "NFC Data Exchange Format decoder and encoder."
category = "main"
optional = false
python-versions = "*"
files = [
    {file = "ndeflib-0.3.3-py2.py3-none-any.whl", hash = "sha256:c634b1af2ab454754f0fdbe1debd38247ed7bdaf94587359b857726f3ee7decb"},
    {file = "ndeflib-0.3.3.tar.gz", hash = "sha256:1d56828558b9b16f2822a4051824346347b66adf5320ea86070748b6f2454a88"},
]

[[package]]
name = "packaging"
version = "23.0"
description = "Core utilities for Python packages"
category = "dev"
optional = false
python-versions = ">=3.7"
files = [
    {file = "packaging-23.0-py3-none-any.whl", hash = "sha256:714ac14496c3e68c99c29b00845f7a2b85f3bb6f1078fd9f72fd20f0570002b2"},
    {file = "packaging-23.0.tar.gz", hash = "sha256:b6ad297f8907de0fa2fe1ccbd26fdaf387f5f47c7275fedf8cce89f99446cf97"},
]

[[package]]
name = "pastel"
version = "0.2.1"
description = "Bring colors to your terminal."
category = "dev"
optional = false
python-versions = ">=2.7, !=3.0.*, !=3.1.*, !=3.2.*, !=3.3.*"
files = [
    {file = "pastel-0.2.1-py2.py3-none-any.whl", hash = "sha256:4349225fcdf6c2bb34d483e523475de5bb04a5c10ef711263452cb37d7dd4364"},
    {file = "pastel-0.2.1.tar.gz", hash = "sha256:e6581ac04e973cac858828c6202c1e1e81fee1dc7de7683f3e1ffe0bfd8a573d"},
]

[[package]]
name = "pathspec"
version = "0.11.0"
description = "Utility library for gitignore style pattern matching of file paths."
category = "dev"
optional = false
python-versions = ">=3.7"
files = [
    {file = "pathspec-0.11.0-py3-none-any.whl", hash = "sha256:3a66eb970cbac598f9e5ccb5b2cf58930cd8e3ed86d393d541eaf2d8b1705229"},
    {file = "pathspec-0.11.0.tar.gz", hash = "sha256:64d338d4e0914e91c1792321e6907b5a593f1ab1851de7fc269557a21b30ebbc"},
]

[[package]]
name = "pefile"
version = "2023.2.7"
description = "Python PE parsing module"
category = "dev"
optional = false
python-versions = ">=3.6.0"
files = [
    {file = "pefile-2023.2.7-py3-none-any.whl", hash = "sha256:da185cd2af68c08a6cd4481f7325ed600a88f6a813bad9dea07ab3ef73d8d8d6"},
    {file = "pefile-2023.2.7.tar.gz", hash = "sha256:82e6114004b3d6911c77c3953e3838654b04511b8b66e8583db70c65998017dc"},
]

[[package]]
name = "platformdirs"
version = "3.0.0"
description = "A small Python package for determining appropriate platform-specific dirs, e.g. a \"user data dir\"."
category = "dev"
optional = false
python-versions = ">=3.7"
files = [
    {file = "platformdirs-3.0.0-py3-none-any.whl", hash = "sha256:b1d5eb14f221506f50d6604a561f4c5786d9e80355219694a1b244bcd96f4567"},
    {file = "platformdirs-3.0.0.tar.gz", hash = "sha256:8a1228abb1ef82d788f74139988b137e78692984ec7b08eaa6c65f1723af28f9"},
]

[package.extras]
docs = ["furo (>=2022.12.7)", "proselint (>=0.13)", "sphinx (>=6.1.3)", "sphinx-autodoc-typehints (>=1.22,!=1.23.4)"]
test = ["appdirs (==1.4.4)", "covdefaults (>=2.2.2)", "pytest (>=7.2.1)", "pytest-cov (>=4)", "pytest-mock (>=3.10)"]

[[package]]
name = "pluggy"
version = "1.0.0"
description = "plugin and hook calling mechanisms for python"
category = "dev"
optional = false
python-versions = ">=3.6"
files = [
    {file = "pluggy-1.0.0-py2.py3-none-any.whl", hash = "sha256:74134bbf457f031a36d68416e1509f34bd5ccc019f0bcc952c7b909d06b37bd3"},
    {file = "pluggy-1.0.0.tar.gz", hash = "sha256:4224373bacce55f955a878bf9cfa763c1e360858e330072059e10bad68531159"},
]

[package.extras]
dev = ["pre-commit", "tox"]
testing = ["pytest", "pytest-benchmark"]

[[package]]
name = "poethepoet"
version = "0.18.1"
description = "A task runner that works well with poetry."
category = "dev"
optional = false
python-versions = ">=3.7"
files = [
    {file = "poethepoet-0.18.1-py3-none-any.whl", hash = "sha256:e85727bf6f4a10bf6c1a43026bdeb40df689bea3c4682d03cbe531cabc8f2ba6"},
    {file = "poethepoet-0.18.1.tar.gz", hash = "sha256:5f3566b14c2f5dccdfbc3bb26f0096006b38dc0b9c74bd4f8dd1eba7b0e29f6a"},
]

[package.dependencies]
pastel = ">=0.2.1,<0.3.0"
tomli = ">=1.2.2"

[package.extras]
poetry-plugin = ["poetry (>=1.0,<2.0)"]

[[package]]
name = "pycryptodomex"
version = "3.17"
description = "Cryptographic library for Python"
category = "main"
optional = false
python-versions = ">=2.7, !=3.0.*, !=3.1.*, !=3.2.*, !=3.3.*, !=3.4.*"
files = [
    {file = "pycryptodomex-3.17-cp27-cp27m-macosx_10_9_x86_64.whl", hash = "sha256:12056c38e49d972f9c553a3d598425f8a1c1d35b2e4330f89d5ff1ffb70de041"},
    {file = "pycryptodomex-3.17-cp27-cp27m-manylinux2010_i686.whl", hash = "sha256:ab33c2d9f275e05e235dbca1063753b5346af4a5cac34a51fa0da0d4edfb21d7"},
    {file = "pycryptodomex-3.17-cp27-cp27m-manylinux2010_x86_64.whl", hash = "sha256:caa937ff29d07a665dfcfd7a84f0d4207b2ebf483362fa9054041d67fdfacc20"},
    {file = "pycryptodomex-3.17-cp27-cp27m-manylinux2014_aarch64.whl", hash = "sha256:db23d7341e21b273d2440ec6faf6c8b1ca95c8894da612e165be0b89a8688340"},
    {file = "pycryptodomex-3.17-cp27-cp27m-musllinux_1_1_aarch64.whl", hash = "sha256:f854c8476512cebe6a8681cc4789e4fcff6019c17baa0fd72b459155dc605ab4"},
    {file = "pycryptodomex-3.17-cp27-cp27m-win32.whl", hash = "sha256:a57e3257bacd719769110f1f70dd901c5b6955e9596ad403af11a3e6e7e3311c"},
    {file = "pycryptodomex-3.17-cp27-cp27m-win_amd64.whl", hash = "sha256:d38ab9e53b1c09608ba2d9b8b888f1e75d6f66e2787e437adb1fecbffec6b112"},
    {file = "pycryptodomex-3.17-cp27-cp27mu-manylinux2010_i686.whl", hash = "sha256:3c2516b42437ae6c7a29ef3ddc73c8d4714e7b6df995b76be4695bbe4b3b5cd2"},
    {file = "pycryptodomex-3.17-cp27-cp27mu-manylinux2010_x86_64.whl", hash = "sha256:5c23482860302d0d9883404eaaa54b0615eefa5274f70529703e2c43cc571827"},
    {file = "pycryptodomex-3.17-cp27-cp27mu-manylinux2014_aarch64.whl", hash = "sha256:7a8dc3ee7a99aae202a4db52de5a08aa4d01831eb403c4d21da04ec2f79810db"},
    {file = "pycryptodomex-3.17-cp27-cp27mu-musllinux_1_1_aarch64.whl", hash = "sha256:7cc28dd33f1f3662d6da28ead4f9891035f63f49d30267d3b41194c8778997c8"},
    {file = "pycryptodomex-3.17-cp35-abi3-macosx_10_9_universal2.whl", hash = "sha256:2d4d395f109faba34067a08de36304e846c791808524614c731431ee048fe70a"},
    {file = "pycryptodomex-3.17-cp35-abi3-macosx_10_9_x86_64.whl", hash = "sha256:55eed98b4150a744920597c81b3965b632038781bab8a08a12ea1d004213c600"},
    {file = "pycryptodomex-3.17-cp35-abi3-manylinux2014_aarch64.whl", hash = "sha256:7fa0b52df90343fafe319257b31d909be1d2e8852277fb0376ba89d26d2921db"},
    {file = "pycryptodomex-3.17-cp35-abi3-manylinux_2_17_x86_64.manylinux2014_x86_64.whl", hash = "sha256:78f0ddd4adc64baa39b416f3637aaf99f45acb0bcdc16706f0cc7ebfc6f10109"},
    {file = "pycryptodomex-3.17-cp35-abi3-manylinux_2_5_i686.manylinux1_i686.manylinux_2_17_i686.manylinux2014_i686.whl", hash = "sha256:a4fa037078e92c7cc49f6789a8bac3de06856740bb2038d05f2d9a2e4b165d59"},
    {file = "pycryptodomex-3.17-cp35-abi3-musllinux_1_1_aarch64.whl", hash = "sha256:88b0d5bb87eaf2a31e8a759302b89cf30c97f2f8ca7d83b8c9208abe8acb447a"},
    {file = "pycryptodomex-3.17-cp35-abi3-musllinux_1_1_i686.whl", hash = "sha256:6feedf4b0e36b395329b4186a805f60f900129cdf0170e120ecabbfcb763995d"},
    {file = "pycryptodomex-3.17-cp35-abi3-musllinux_1_1_x86_64.whl", hash = "sha256:7a6651a07f67c28b6e978d63aa3a3fccea0feefed9a8453af3f7421a758461b7"},
    {file = "pycryptodomex-3.17-cp35-abi3-win32.whl", hash = "sha256:32e764322e902bbfac49ca1446604d2839381bbbdd5a57920c9daaf2e0b778df"},
    {file = "pycryptodomex-3.17-cp35-abi3-win_amd64.whl", hash = "sha256:4b51e826f0a04d832eda0790bbd0665d9bfe73e5a4d8ea93b6a9b38beeebe935"},
    {file = "pycryptodomex-3.17-pp27-pypy_73-macosx_10_9_x86_64.whl", hash = "sha256:d4cf0128da167562c49b0e034f09e9cedd733997354f2314837c2fa461c87bb1"},
    {file = "pycryptodomex-3.17-pp27-pypy_73-manylinux2010_x86_64.whl", hash = "sha256:c92537b596bd5bffb82f8964cabb9fef1bca8a28a9e0a69ffd3ec92a4a7ad41b"},
    {file = "pycryptodomex-3.17-pp27-pypy_73-win32.whl", hash = "sha256:599bb4ae4bbd614ca05f49bd4e672b7a250b80b13ae1238f05fd0f09d87ed80a"},
    {file = "pycryptodomex-3.17-pp38-pypy38_pp73-macosx_10_9_x86_64.whl", hash = "sha256:4c4674f4b040321055c596aac926d12f7f6859dfe98cd12f4d9453b43ab6adc8"},
    {file = "pycryptodomex-3.17-pp38-pypy38_pp73-manylinux_2_17_x86_64.manylinux2014_x86_64.whl", hash = "sha256:67a3648025e4ddb72d43addab764336ba2e670c8377dba5dd752e42285440d31"},
    {file = "pycryptodomex-3.17-pp38-pypy38_pp73-manylinux_2_5_i686.manylinux1_i686.manylinux_2_17_i686.manylinux2014_i686.whl", hash = "sha256:40e8a11f578bd0851b02719c862d55d3ee18d906c8b68a9c09f8c564d6bb5b92"},
    {file = "pycryptodomex-3.17-pp38-pypy38_pp73-win_amd64.whl", hash = "sha256:23d83b610bd97704f0cd3acc48d99b76a15c8c1540d8665c94d514a49905bad7"},
    {file = "pycryptodomex-3.17-pp39-pypy39_pp73-macosx_10_9_x86_64.whl", hash = "sha256:fd29d35ac80755e5c0a99d96b44fb9abbd7e871849581ea6a4cb826d24267537"},
    {file = "pycryptodomex-3.17-pp39-pypy39_pp73-manylinux_2_17_x86_64.manylinux2014_x86_64.whl", hash = "sha256:64b876d57cb894b31056ad8dd6a6ae1099b117ae07a3d39707221133490e5715"},
    {file = "pycryptodomex-3.17-pp39-pypy39_pp73-manylinux_2_5_i686.manylinux1_i686.manylinux_2_17_i686.manylinux2014_i686.whl", hash = "sha256:ee8bf4fdcad7d66beb744957db8717afc12d176e3fd9c5d106835133881a049b"},
    {file = "pycryptodomex-3.17-pp39-pypy39_pp73-win_amd64.whl", hash = "sha256:c84689c73358dfc23f9fdcff2cb9e7856e65e2ce3b5ed8ff630d4c9bdeb1867b"},
    {file = "pycryptodomex-3.17.tar.gz", hash = "sha256:0af93aad8d62e810247beedef0261c148790c52f3cd33643791cc6396dd217c1"},
]

[[package]]
name = "pyinstaller"
version = "4.5.1"
description = "PyInstaller bundles a Python application and all its dependencies into a single package."
category = "dev"
optional = false
python-versions = ">=3.6"
files = [
    {file = "pyinstaller-4.5.1-py3-none-macosx_10_13_universal2.whl", hash = "sha256:ecc2baadeeefd2b6fbf39d13c65d4aa603afdda1c6aaaebc4577ba72893fee9e"},
    {file = "pyinstaller-4.5.1-py3-none-manylinux2014_aarch64.whl", hash = "sha256:4d848cd782ee0893d7ad9fe2bfe535206a79f0b6760cecc5f2add831258b9322"},
    {file = "pyinstaller-4.5.1-py3-none-manylinux2014_i686.whl", hash = "sha256:8f747b190e6ad30e2d2fd5da9a64636f61aac8c038c0b7f685efa92c782ea14f"},
    {file = "pyinstaller-4.5.1-py3-none-manylinux2014_x86_64.whl", hash = "sha256:c587da8f521a7ce1b9efb4e3d0117cd63c92dc6cedff24590aeef89372f53012"},
    {file = "pyinstaller-4.5.1-py3-none-win32.whl", hash = "sha256:fed9f5e4802769a416a8f2ca171c6be961d1861cc05a0b71d20dfe05423137e9"},
    {file = "pyinstaller-4.5.1-py3-none-win_amd64.whl", hash = "sha256:aae456205c68355f9597411090576bb31b614e53976b4c102d072bbe5db8392a"},
    {file = "pyinstaller-4.5.1.tar.gz", hash = "sha256:30733baaf8971902286a0ddf77e5499ac5f7bf8e7c39163e83d4f8c696ef265e"},
]

[package.dependencies]
altgraph = "*"
macholib = {version = ">=1.8", markers = "sys_platform == \"darwin\""}
pefile = {version = ">=2017.8.1", markers = "sys_platform == \"win32\""}
pyinstaller-hooks-contrib = ">=2020.6"
pywin32-ctypes = {version = ">=0.2.0", markers = "sys_platform == \"win32\""}
setuptools = "*"

[package.extras]
encryption = ["tinyaes (>=1.0.0)"]
hook-testing = ["execnet (>=1.5.0)", "psutil", "pytest (>=2.7.3)"]

[[package]]
name = "pyinstaller-hooks-contrib"
version = "2023.0"
description = "Community maintained hooks for PyInstaller"
category = "dev"
optional = false
python-versions = ">=3.7"
files = [
    {file = "pyinstaller-hooks-contrib-2023.0.tar.gz", hash = "sha256:bd578781cd6a33ef713584bf3726f7cd60a3e656ec08a6cc7971e39990808cc0"},
    {file = "pyinstaller_hooks_contrib-2023.0-py2.py3-none-any.whl", hash = "sha256:29d052eb73e0ab8f137f11df8e73d464c1c6d4c3044d9dc8df2af44639d8bfbf"},
]

[[package]]
name = "pyscard"
version = "2.0.5"
description = "Smartcard module for Python."
category = "main"
optional = false
python-versions = "*"
files = [
    {file = "pyscard-2.0.5-cp310-cp310-macosx_11_0_x86_64.whl", hash = "sha256:b6d6d090a36398a82afe6d6687e9d6f8039ffd610d3cccd206bff9efc225b379"},
    {file = "pyscard-2.0.5-cp310-cp310-win_amd64.whl", hash = "sha256:8444ed7332f34f40a0f41216b67a67320c4f0f7d6cef1d991138c19c86458642"},
    {file = "pyscard-2.0.5-cp37-cp37m-win_amd64.whl", hash = "sha256:9601a9aff3f3e4838b3d221214814bb039a5044bcd98a2cfd35d07de7859ed76"},
    {file = "pyscard-2.0.5-cp38-cp38-win_amd64.whl", hash = "sha256:eadc468e29159996aace7c1b3e5911fd1984e897d7eb2192ecf7aaeac808c575"},
    {file = "pyscard-2.0.5-cp39-cp39-win_amd64.whl", hash = "sha256:99035043042be9017912d91bf922250269e156531c489f59a28413d33ee9ea68"},
    {file = "pyscard-2.0.5.tar.gz", hash = "sha256:dc13e34837addbd96c07a1a919fbc1677b2b83266f530a1f79c96930db42ccde"},
]

[package.extras]
gui = ["wxPython"]
pyro = ["Pyro"]

[[package]]
name = "pytest"
version = "7.2.1"
description = "pytest: simple powerful testing with Python"
category = "dev"
optional = false
python-versions = ">=3.7"
files = [
    {file = "pytest-7.2.1-py3-none-any.whl", hash = "sha256:c7c6ca206e93355074ae32f7403e8ea12163b1163c976fee7d4d84027c162be5"},
    {file = "pytest-7.2.1.tar.gz", hash = "sha256:d45e0952f3727241918b8fd0f376f5ff6b301cc0777c6f9a556935c92d8a7d42"},
]

[package.dependencies]
attrs = ">=19.2.0"
colorama = {version = "*", markers = "sys_platform == \"win32\""}
exceptiongroup = {version = ">=1.0.0rc8", markers = "python_version < \"3.11\""}
iniconfig = "*"
packaging = "*"
pluggy = ">=0.12,<2.0"
tomli = {version = ">=1.0.0", markers = "python_version < \"3.11\""}

[package.extras]
testing = ["argcomplete", "hypothesis (>=3.56)", "mock", "nose", "pygments (>=2.7.2)", "requests", "xmlschema"]

[[package]]
name = "pywin32-ctypes"
version = "0.2.0"
description = ""
category = "dev"
optional = false
python-versions = "*"
files = [
    {file = "pywin32-ctypes-0.2.0.tar.gz", hash = "sha256:24ffc3b341d457d48e8922352130cf2644024a4ff09762a2261fd34c36ee5942"},
    {file = "pywin32_ctypes-0.2.0-py2.py3-none-any.whl", hash = "sha256:9dc2d991b3479cc2df15930958b674a48a227d5361d413827a4cfd0b5876fc98"},
]

[[package]]
name = "setuptools"
version = "67.3.2"
description = "Easily download, build, install, upgrade, and uninstall Python packages"
category = "dev"
optional = false
python-versions = ">=3.7"
files = [
    {file = "setuptools-67.3.2-py3-none-any.whl", hash = "sha256:bb6d8e508de562768f2027902929f8523932fcd1fb784e6d573d2cafac995a48"},
    {file = "setuptools-67.3.2.tar.gz", hash = "sha256:95f00380ef2ffa41d9bba85d95b27689d923c93dfbafed4aecd7cf988a25e012"},
]

[package.extras]
docs = ["furo", "jaraco.packaging (>=9)", "jaraco.tidelift (>=1.4)", "pygments-github-lexers (==0.0.5)", "rst.linker (>=1.9)", "sphinx (>=3.5)", "sphinx-favicon", "sphinx-hoverxref (<2)", "sphinx-inline-tabs", "sphinx-lint", "sphinx-notfound-page (==0.8.3)", "sphinx-reredirects", "sphinxcontrib-towncrier"]
testing = ["build[virtualenv]", "filelock (>=3.4.0)", "flake8 (<5)", "flake8-2020", "ini2toml[lite] (>=0.9)", "jaraco.envs (>=2.2)", "jaraco.path (>=3.2.0)", "pip (>=19.1)", "pip-run (>=8.8)", "pytest (>=6)", "pytest-black (>=0.3.7)", "pytest-checkdocs (>=2.4)", "pytest-cov", "pytest-enabler (>=1.3)", "pytest-flake8", "pytest-mypy (>=0.9.1)", "pytest-perf", "pytest-timeout", "pytest-xdist", "tomli-w (>=1.0.0)", "virtualenv (>=13.0.0)", "wheel"]
testing-integration = ["build[virtualenv]", "filelock (>=3.4.0)", "jaraco.envs (>=2.2)", "jaraco.path (>=3.2.0)", "pytest", "pytest-enabler", "pytest-xdist", "tomli", "virtualenv (>=13.0.0)", "wheel"]

[[package]]
name = "tomli"
version = "2.0.1"
description = "A lil' TOML parser"
category = "dev"
optional = false
python-versions = ">=3.7"
files = [
    {file = "tomli-2.0.1-py3-none-any.whl", hash = "sha256:939de3e7a6161af0c887ef91b7d41a53e7c5a1ca976325f429cb46ea9bc30ecc"},
    {file = "tomli-2.0.1.tar.gz", hash = "sha256:de526c12914f0c550d15924c62d72abc48d6fe7364aa87328337a31007fe8a4f"},
]

[[package]]
name = "typing-extensions"
version = "4.5.0"
description = "Backported and Experimental Type Hints for Python 3.7+"
category = "dev"
optional = false
python-versions = ">=3.7"
files = [
    {file = "typing_extensions-4.5.0-py3-none-any.whl", hash = "sha256:fb33085c39dd998ac16d1431ebc293a8b3eedd00fd4a32de0ff79002c19511b4"},
    {file = "typing_extensions-4.5.0.tar.gz", hash = "sha256:5cb5f4a79139d699607b3ef622a1dedafa84e115ab0024e0d9c044a9479ca7cb"},
]

[[package]]
name = "wheel"
version = "0.38.4"
description = "A built-package format for Python"
category = "dev"
optional = false
python-versions = ">=3.7"
files = [
    {file = "wheel-0.38.4-py3-none-any.whl", hash = "sha256:b60533f3f5d530e971d6737ca6d58681ee434818fab630c83a734bb10c083ce8"},
    {file = "wheel-0.38.4.tar.gz", hash = "sha256:965f5259b566725405b05e7cf774052044b1ed30119b5d586b2703aafe8719ac"},
]

[package.extras]
test = ["pytest (>=3.0.0)"]

[[package]]
name = "win32-setctime"
version = "1.1.0"
description = "A small Python utility to set file creation time on Windows"
category = "main"
optional = false
python-versions = ">=3.5"
files = [
    {file = "win32_setctime-1.1.0-py3-none-any.whl", hash = "sha256:231db239e959c2fe7eb1d7dc129f11172354f98361c4fa2d6d2d7e278baa8aad"},
    {file = "win32_setctime-1.1.0.tar.gz", hash = "sha256:15cf5750465118d6929ae4de4eb46e8edae9a5634350c01ba582df868e932cb2"},
]

[package.extras]
dev = ["black (>=19.3b0)", "pytest (>=4.6.2)"]

[metadata]
lock-version = "2.0"
python-versions = "^3.8"
content-hash = "a8a57099ca64eed096326370d14129632913774c1f523e86f7e94c08cd9590d2"
